// !$*UTF8*$!
{
	archiveVersion = 1;
	classes = {
	};
	objectVersion = 50;
	objects = {

/* Begin PBXBuildFile section */
		C9052A4622201449003EF4B8 /* Heqingzhao_AppContext.m in Sources */ = {isa = PBXBuildFile; fileRef = C9052A4522201449003EF4B8 /* Heqingzhao_AppContext.m */; };
		C94138DC221A476800AFA04F /* Heqingzhao_MultiChannelContentView.m in Sources */ = {isa = PBXBuildFile; fileRef = C94138DB221A476800AFA04F /* Heqingzhao_MultiChannelContentView.m */; };
		C952BC8D222D0DE7006B22DC /* Heqingzhao_DUContext.m in Sources */ = {isa = PBXBuildFile; fileRef = C952BC8C222D0DE7006B22DC /* Heqingzhao_DUContext.m */; };
		C952BC92222D4625006B22DC /* du_main.js in Resources */ = {isa = PBXBuildFile; fileRef = C952BC91222D4625006B22DC /* du_main.js */; };
		C952BC94222D47EE006B22DC /* du_instanceMethod.js in Resources */ = {isa = PBXBuildFile; fileRef = C952BC93222D47EE006B22DC /* du_instanceMethod.js */; };
		C969E23D22B1000D00CEFB82 /* DemoBaseViewController.m in Sources */ = {isa = PBXBuildFile; fileRef = C969E23A22B1000C00CEFB82 /* DemoBaseViewController.m */; };
		C96C417423BAF390002F61B0 /* SFChartPolylineAnimatable.m in Sources */ = {isa = PBXBuildFile; fileRef = C96C413423BAF38F002F61B0 /* SFChartPolylineAnimatable.m */; };
		C96C417523BAF390002F61B0 /* SFChartImageAnimatable.m in Sources */ = {isa = PBXBuildFile; fileRef = C96C413523BAF38F002F61B0 /* SFChartImageAnimatable.m */; };
		C96C417623BAF390002F61B0 /* SFChartPillarAnimatable.m in Sources */ = {isa = PBXBuildFile; fileRef = C96C413623BAF38F002F61B0 /* SFChartPillarAnimatable.m */; };
		C96C417723BAF390002F61B0 /* SFChartFillAnimatable.m in Sources */ = {isa = PBXBuildFile; fileRef = C96C413723BAF38F002F61B0 /* SFChartFillAnimatable.m */; };
		C96C417823BAF390002F61B0 /* SFChartTextAnimatable.m in Sources */ = {isa = PBXBuildFile; fileRef = C96C413A23BAF38F002F61B0 /* SFChartTextAnimatable.m */; };
		C96C417923BAF390002F61B0 /* SFChartPtCollectionAnimatable.m in Sources */ = {isa = PBXBuildFile; fileRef = C96C413E23BAF38F002F61B0 /* SFChartPtCollectionAnimatable.m */; };
		C96C417A23BAF390002F61B0 /* SFChartAxisMarkLabel.m in Sources */ = {isa = PBXBuildFile; fileRef = C96C414123BAF38F002F61B0 /* SFChartAxisMarkLabel.m */; };
		C96C417B23BAF390002F61B0 /* SFChartCoordinateVerticalAxis.m in Sources */ = {isa = PBXBuildFile; fileRef = C96C414523BAF38F002F61B0 /* SFChartCoordinateVerticalAxis.m */; };
		C96C417C23BAF390002F61B0 /* SFChartCoordinateHorizontalAxisAnimatable.m in Sources */ = {isa = PBXBuildFile; fileRef = C96C414723BAF38F002F61B0 /* SFChartCoordinateHorizontalAxisAnimatable.m */; };
		C96C417D23BAF390002F61B0 /* SFChartCoordinateAxis.m in Sources */ = {isa = PBXBuildFile; fileRef = C96C414823BAF38F002F61B0 /* SFChartCoordinateAxis.m */; };
		C96C417E23BAF390002F61B0 /* SFChartCoordinateHorizontalAxis.m in Sources */ = {isa = PBXBuildFile; fileRef = C96C414923BAF38F002F61B0 /* SFChartCoordinateHorizontalAxis.m */; };
		C96C417F23BAF390002F61B0 /* SFChartPillarDrawable.m in Sources */ = {isa = PBXBuildFile; fileRef = C96C414B23BAF38F002F61B0 /* SFChartPillarDrawable.m */; };
		C96C418023BAF390002F61B0 /* SFChartFillDrawable.m in Sources */ = {isa = PBXBuildFile; fileRef = C96C414E23BAF38F002F61B0 /* SFChartFillDrawable.m */; };
		C96C418123BAF390002F61B0 /* SFChartPolylineDrawable.m in Sources */ = {isa = PBXBuildFile; fileRef = C96C414F23BAF38F002F61B0 /* SFChartPolylineDrawable.m */; };
		C96C418223BAF390002F61B0 /* SFChartPointCollection.m in Sources */ = {isa = PBXBuildFile; fileRef = C96C415023BAF38F002F61B0 /* SFChartPointCollection.m */; };
		C96C418323BAF390002F61B0 /* SFChartChart.m in Sources */ = {isa = PBXBuildFile; fileRef = C96C415423BAF38F002F61B0 /* SFChartChart.m */; };
		C96C418423BAF390002F61B0 /* SFChartLayer.m in Sources */ = {isa = PBXBuildFile; fileRef = C96C415523BAF38F002F61B0 /* SFChartLayer.m */; };
		C96C418523BAF390002F61B0 /* SFChartElement.m in Sources */ = {isa = PBXBuildFile; fileRef = C96C415A23BAF38F002F61B0 /* SFChartElement.m */; };
		C96C418623BAF390002F61B0 /* SFChartView.m in Sources */ = {isa = PBXBuildFile; fileRef = C96C415B23BAF38F002F61B0 /* SFChartView.m */; };
		C96C418823BAF390002F61B0 /* SFChartTextGrid.m in Sources */ = {isa = PBXBuildFile; fileRef = C96C415E23BAF390002F61B0 /* SFChartTextGrid.m */; };
		C96C418923BAF390002F61B0 /* SFChartGridView.m in Sources */ = {isa = PBXBuildFile; fileRef = C96C415F23BAF390002F61B0 /* SFChartGridView.m */; };
		C96C418A23BAF390002F61B0 /* SFChartStandardGrid.m in Sources */ = {isa = PBXBuildFile; fileRef = C96C416023BAF390002F61B0 /* SFChartStandardGrid.m */; };
		C96C418B23BAF390002F61B0 /* SFChartGrid.m in Sources */ = {isa = PBXBuildFile; fileRef = C96C416423BAF390002F61B0 /* SFChartGrid.m */; };
		C96C418F23BAF390002F61B0 /* readme.md in Resources */ = {isa = PBXBuildFile; fileRef = C96C416D23BAF390002F61B0 /* readme.md */; };
		C96C419023BAF390002F61B0 /* SFChartRange.c in Sources */ = {isa = PBXBuildFile; fileRef = C96C417023BAF390002F61B0 /* SFChartRange.c */; };
		C96C419123BAF390002F61B0 /* SFChartCommonFunc.m in Sources */ = {isa = PBXBuildFile; fileRef = C96C417123BAF390002F61B0 /* SFChartCommonFunc.m */; };
		C96DEB462226597F00538E65 /* Heqingzhao_TableViewBaseCell.m in Sources */ = {isa = PBXBuildFile; fileRef = C96DEB452226597F00538E65 /* Heqingzhao_TableViewBaseCell.m */; };
		C98C3B3B22AE81270085A7C8 /* UINib+nibCollection.m in Sources */ = {isa = PBXBuildFile; fileRef = C98C3B3922AE81270085A7C8 /* UINib+nibCollection.m */; };
		C99BACB222CE3382000991CE /* skin_1.plist in Resources */ = {isa = PBXBuildFile; fileRef = C99BACB122CE3382000991CE /* skin_1.plist */; };
		C99BACB422CE3473000991CE /* skin_2.plist in Resources */ = {isa = PBXBuildFile; fileRef = C99BACB322CE3473000991CE /* skin_2.plist */; };
		C99BACB822CE3519000991CE /* ThemeDemoViewController.m in Sources */ = {isa = PBXBuildFile; fileRef = C99BACB622CE3519000991CE /* ThemeDemoViewController.m */; };
		C99BACB922CE3519000991CE /* ThemeDemoViewController.xib in Resources */ = {isa = PBXBuildFile; fileRef = C99BACB722CE3519000991CE /* ThemeDemoViewController.xib */; };
		C9A3FDA722D33B790054B17A /* ThemeDemo2ViewController.m in Sources */ = {isa = PBXBuildFile; fileRef = C9A3FDA522D33B790054B17A /* ThemeDemo2ViewController.m */; };
		C9A3FDAC22D33C0A0054B17A /* ThemeTableViewCell.m in Sources */ = {isa = PBXBuildFile; fileRef = C9A3FDAA22D33C0A0054B17A /* ThemeTableViewCell.m */; };
		C9A3FDAF22D342600054B17A /* ThemeDemo2ViewController.xib in Resources */ = {isa = PBXBuildFile; fileRef = C9A3FDAE22D342600054B17A /* ThemeDemo2ViewController.xib */; };
		C9A645ED23B9F3C200BD7B6E /* Heqingzhao_Reachability.m in Sources */ = {isa = PBXBuildFile; fileRef = C9A645EC23B9F3C200BD7B6E /* Heqingzhao_Reachability.m */; };
		C9AE410F22CF1C0B0092E00A /* Heqingzhao_LabelThemeDecorater.m in Sources */ = {isa = PBXBuildFile; fileRef = C9AE410522CF1C0B0092E00A /* Heqingzhao_LabelThemeDecorater.m */; };
		C9AE411022CF1C0B0092E00A /* Heqingzhao_ButtonThemeDecorater.m in Sources */ = {isa = PBXBuildFile; fileRef = C9AE410622CF1C0B0092E00A /* Heqingzhao_ButtonThemeDecorater.m */; };
		C9AE411122CF1C0B0092E00A /* Heqingzhao_ThemeSkinManager.m in Sources */ = {isa = PBXBuildFile; fileRef = C9AE410822CF1C0B0092E00A /* Heqingzhao_ThemeSkinManager.m */; };
		C9AE411222CF1C0B0092E00A /* Heqingzhao_ViewThemeDecorater.m in Sources */ = {isa = PBXBuildFile; fileRef = C9AE410922CF1C0B0092E00A /* Heqingzhao_ViewThemeDecorater.m */; };
		C9AE411322CF1C0B0092E00A /* UIView+ThemeConfig.m in Sources */ = {isa = PBXBuildFile; fileRef = C9AE410D22CF1C0B0092E00A /* UIView+ThemeConfig.m */; };
		C9B0AD6B221D259C00F747B1 /* Heqingzhao_SinglePixelView.m in Sources */ = {isa = PBXBuildFile; fileRef = C9B0AD69221D259C00F747B1 /* Heqingzhao_SinglePixelView.m */; };
		C9B0AD6E221D32DA00F747B1 /* Heqingzhao_MultiChannelEditCell.m in Sources */ = {isa = PBXBuildFile; fileRef = C9B0AD6D221D32DA00F747B1 /* Heqingzhao_MultiChannelEditCell.m */; };
		C9B4E3B62223B78A00454349 /* Heqingzhao_TableViewController.m in Sources */ = {isa = PBXBuildFile; fileRef = C9B4E3B52223B78A00454349 /* Heqingzhao_TableViewController.m */; };
		C9B4E3B92223B80300454349 /* Heqingzhao_TableViewSectionConfig.m in Sources */ = {isa = PBXBuildFile; fileRef = C9B4E3B82223B80300454349 /* Heqingzhao_TableViewSectionConfig.m */; };
		C9BA871D22A69613008A60A1 /* cat05.jpeg in Resources */ = {isa = PBXBuildFile; fileRef = C9BA871722A69613008A60A1 /* cat05.jpeg */; };
		C9BA871E22A69613008A60A1 /* cat03.jpeg in Resources */ = {isa = PBXBuildFile; fileRef = C9BA871822A69613008A60A1 /* cat03.jpeg */; };
		C9BA871F22A69613008A60A1 /* cat02.jpeg in Resources */ = {isa = PBXBuildFile; fileRef = C9BA871922A69613008A60A1 /* cat02.jpeg */; };
		C9BA872022A69613008A60A1 /* cat04.jpeg in Resources */ = {isa = PBXBuildFile; fileRef = C9BA871A22A69613008A60A1 /* cat04.jpeg */; };
		C9BA872122A69613008A60A1 /* cat06.jpeg in Resources */ = {isa = PBXBuildFile; fileRef = C9BA871B22A69613008A60A1 /* cat06.jpeg */; };
		C9BA872222A69613008A60A1 /* cat01.jpeg in Resources */ = {isa = PBXBuildFile; fileRef = C9BA871C22A69613008A60A1 /* cat01.jpeg */; };
		C9BA872322A69BF5008A60A1 /* cat01.jpeg in Sources */ = {isa = PBXBuildFile; fileRef = C9BA871C22A69613008A60A1 /* cat01.jpeg */; };
		C9BA872422A69BF5008A60A1 /* cat02.jpeg in Sources */ = {isa = PBXBuildFile; fileRef = C9BA871922A69613008A60A1 /* cat02.jpeg */; };
		C9BA872522A69BF5008A60A1 /* cat03.jpeg in Sources */ = {isa = PBXBuildFile; fileRef = C9BA871822A69613008A60A1 /* cat03.jpeg */; };
		C9BA872622A69BF5008A60A1 /* cat04.jpeg in Sources */ = {isa = PBXBuildFile; fileRef = C9BA871A22A69613008A60A1 /* cat04.jpeg */; };
		C9BA872722A69BF5008A60A1 /* cat05.jpeg in Sources */ = {isa = PBXBuildFile; fileRef = C9BA871722A69613008A60A1 /* cat05.jpeg */; };
		C9BA872822A69BF5008A60A1 /* cat06.jpeg in Sources */ = {isa = PBXBuildFile; fileRef = C9BA871B22A69613008A60A1 /* cat06.jpeg */; };
		C9BB1E48221551D90050B493 /* AppDelegate.m in Sources */ = {isa = PBXBuildFile; fileRef = C9BB1E47221551D90050B493 /* AppDelegate.m */; };
		C9BB1E4B221551D90050B493 /* ViewController.m in Sources */ = {isa = PBXBuildFile; fileRef = C9BB1E4A221551D90050B493 /* ViewController.m */; };
		C9BB1E4E221551D90050B493 /* Main.storyboard in Resources */ = {isa = PBXBuildFile; fileRef = C9BB1E4C221551D90050B493 /* Main.storyboard */; };
		C9BB1E50221551DC0050B493 /* Assets.xcassets in Resources */ = {isa = PBXBuildFile; fileRef = C9BB1E4F221551DC0050B493 /* Assets.xcassets */; };
		C9BB1E53221551DC0050B493 /* LaunchScreen.storyboard in Resources */ = {isa = PBXBuildFile; fileRef = C9BB1E51221551DC0050B493 /* LaunchScreen.storyboard */; };
		C9BB1E56221551DC0050B493 /* main.m in Sources */ = {isa = PBXBuildFile; fileRef = C9BB1E55221551DC0050B493 /* main.m */; };
		C9BB1E952216CEAC0050B493 /* UIView+view_frame.m in Sources */ = {isa = PBXBuildFile; fileRef = C9BB1E8A2216CEAC0050B493 /* UIView+view_frame.m */; };
		C9BB1E962216CEAC0050B493 /* Heqingzhao_TabbarAdjustPosition.m in Sources */ = {isa = PBXBuildFile; fileRef = C9BB1E8D2216CEAC0050B493 /* Heqingzhao_TabbarAdjustPosition.m */; };
		C9BB1E972216CEAC0050B493 /* Heqingzhao_MultiChannelViewController.m in Sources */ = {isa = PBXBuildFile; fileRef = C9BB1E8E2216CEAC0050B493 /* Heqingzhao_MultiChannelViewController.m */; };
		C9BB1E982216CEAC0050B493 /* Heqingzhao_MultiChannelConfig.m in Sources */ = {isa = PBXBuildFile; fileRef = C9BB1E8F2216CEAC0050B493 /* Heqingzhao_MultiChannelConfig.m */; };
		C9BB1E992216CEAC0050B493 /* Heqingzhao_MultiChannelTopBar.m in Sources */ = {isa = PBXBuildFile; fileRef = C9BB1E932216CEAC0050B493 /* Heqingzhao_MultiChannelTopBar.m */; };
		C9BDB028221BF5BB00FC4168 /* MultiChannelDemoViewController.m in Sources */ = {isa = PBXBuildFile; fileRef = C9BDB027221BF5BB00FC4168 /* MultiChannelDemoViewController.m */; };
		C9BDB02B221BF6D800FC4168 /* UIColor+extension_qingzhao.m in Sources */ = {isa = PBXBuildFile; fileRef = C9BDB02A221BF6D800FC4168 /* UIColor+extension_qingzhao.m */; };
		C9BDB02F221BFB3700FC4168 /* down_arrow@2x.png in Resources */ = {isa = PBXBuildFile; fileRef = C9BDB02D221BFB3700FC4168 /* down_arrow@2x.png */; };
		C9BDB030221BFB3700FC4168 /* down_arrow@3x.png in Resources */ = {isa = PBXBuildFile; fileRef = C9BDB02E221BFB3700FC4168 /* down_arrow@3x.png */; };
		C9BDB068221C237100FC4168 /* Heqingzhao_MultiChannelEditViewController.m in Sources */ = {isa = PBXBuildFile; fileRef = C9BDB067221C237100FC4168 /* Heqingzhao_MultiChannelEditViewController.m */; };
		C9BE042823B5D783006BD92B /* NSObject+DU.m in Sources */ = {isa = PBXBuildFile; fileRef = C9BE042723B5D783006BD92B /* NSObject+DU.m */; };
		C9CF39DC22A8AE8700BB1FA8 /* Heqingzhao_BaseViewController.m in Sources */ = {isa = PBXBuildFile; fileRef = C9CF39DB22A8AE8700BB1FA8 /* Heqingzhao_BaseViewController.m */; };
		C9CF39E422A8F05B00BB1FA8 /* Heqingzhao_RubishManager.m in Sources */ = {isa = PBXBuildFile; fileRef = C9CF39E322A8F05B00BB1FA8 /* Heqingzhao_RubishManager.m */; };
		C9CF39E722A8F07300BB1FA8 /* NSObject+classNameCollection.m in Sources */ = {isa = PBXBuildFile; fileRef = C9CF39E622A8F07200BB1FA8 /* NSObject+classNameCollection.m */; };
		C9CF39EA22A9094700BB1FA8 /* UIViewController+nibCollection.m in Sources */ = {isa = PBXBuildFile; fileRef = C9CF39E822A9094700BB1FA8 /* UIViewController+nibCollection.m */; };
		C9CF39ED22A90C2500BB1FA8 /* NSBundle+nibCollection.m in Sources */ = {isa = PBXBuildFile; fileRef = C9CF39EB22A90C2500BB1FA8 /* NSBundle+nibCollection.m */; };
		C9CF39EF22A90E2D00BB1FA8 /* Heqingzhao_RubishTestViewController.xib in Resources */ = {isa = PBXBuildFile; fileRef = C9CF39EE22A90E2D00BB1FA8 /* Heqingzhao_RubishTestViewController.xib */; };
		C9CF39F222A912B200BB1FA8 /* UIImage+nameCollection.m in Sources */ = {isa = PBXBuildFile; fileRef = C9CF39F022A912B100BB1FA8 /* UIImage+nameCollection.m */; };
		C9D260BF2228D962009AE2EF /* TableControllerDemoViewController.m in Sources */ = {isa = PBXBuildFile; fileRef = C9D260BE2228D962009AE2EF /* TableControllerDemoViewController.m */; };
		C9D260C22228DCCC009AE2EF /* TableControllerDemoCell.m in Sources */ = {isa = PBXBuildFile; fileRef = C9D260C12228DCCC009AE2EF /* TableControllerDemoCell.m */; };
		C9D3B4DF221ECA3C00A8E573 /* label_delete@2x.png in Resources */ = {isa = PBXBuildFile; fileRef = C9D3B4DD221ECA3B00A8E573 /* label_delete@2x.png */; };
		C9D3B4E0221ECA3C00A8E573 /* label_delete@3x.png in Resources */ = {isa = PBXBuildFile; fileRef = C9D3B4DE221ECA3B00A8E573 /* label_delete@3x.png */; };
		C9D3B4E5221ECE8D00A8E573 /* Heqingzhao_ImageLoader.m in Sources */ = {isa = PBXBuildFile; fileRef = C9D3B4E4221ECE8D00A8E573 /* Heqingzhao_ImageLoader.m */; };
		C9D3B4E8221ECECC00A8E573 /* navi_back@3x.png in Resources */ = {isa = PBXBuildFile; fileRef = C9D3B4E6221ECECC00A8E573 /* navi_back@3x.png */; };
		C9D3B4E9221ECECC00A8E573 /* navi_back@2x.png in Resources */ = {isa = PBXBuildFile; fileRef = C9D3B4E7221ECECC00A8E573 /* navi_back@2x.png */; };
		C9D4A94722978DC800FEFD5E /* Heqingzhao_CrashCatcher.m in Sources */ = {isa = PBXBuildFile; fileRef = C9D4A94622978DC800FEFD5E /* Heqingzhao_CrashCatcher.m */; };
		C9D4A95C2297EA7B00FEFD5E /* UINavigationBar+layoutSubViews.m in Sources */ = {isa = PBXBuildFile; fileRef = C9D4A95B2297EA7B00FEFD5E /* UINavigationBar+layoutSubViews.m */; };
		C9DFFD29222802D500A8374C /* Heqingzhao_TopLoadingView.m in Sources */ = {isa = PBXBuildFile; fileRef = C9DFFD28222802D500A8374C /* Heqingzhao_TopLoadingView.m */; };
		C9DFFD2D222806DE00A8374C /* Heqingzhao_LoadingView.m in Sources */ = {isa = PBXBuildFile; fileRef = C9DFFD2C222806DE00A8374C /* Heqingzhao_LoadingView.m */; };
		C9DFFD3022280B4D00A8374C /* Heqingzhao_BottomLoadingView.m in Sources */ = {isa = PBXBuildFile; fileRef = C9DFFD2F22280B4D00A8374C /* Heqingzhao_BottomLoadingView.m */; };
		C9E86AD1222FB7C500F85E19 /* DUDemoObject.m in Sources */ = {isa = PBXBuildFile; fileRef = C9E86AD0222FB7C500F85E19 /* DUDemoObject.m */; };
		C9E86AD4222FB7DC00F85E19 /* DUDemoChildObject.m in Sources */ = {isa = PBXBuildFile; fileRef = C9E86AD3222FB7DC00F85E19 /* DUDemoChildObject.m */; };
		C9F74AE822A60481001ACF3F /* Heqingzhao_PageControl.m in Sources */ = {isa = PBXBuildFile; fileRef = C9F74AE722A60481001ACF3F /* Heqingzhao_PageControl.m */; };
		C9F74AED22A63C58001ACF3F /* Heqingzhao_ScrollAdListView.m in Sources */ = {isa = PBXBuildFile; fileRef = C9F74AEC22A63C58001ACF3F /* Heqingzhao_ScrollAdListView.m */; };
/* End PBXBuildFile section */

/* Begin PBXFileReference section */
		C9052A4422201449003EF4B8 /* Heqingzhao_AppContext.h */ = {isa = PBXFileReference; lastKnownFileType = sourcecode.c.h; path = Heqingzhao_AppContext.h; sourceTree = "<group>"; };
		C9052A4522201449003EF4B8 /* Heqingzhao_AppContext.m */ = {isa = PBXFileReference; lastKnownFileType = sourcecode.c.objc; path = Heqingzhao_AppContext.m; sourceTree = "<group>"; };
		C94138DA221A476800AFA04F /* Heqingzhao_MultiChannelContentView.h */ = {isa = PBXFileReference; lastKnownFileType = sourcecode.c.h; path = Heqingzhao_MultiChannelContentView.h; sourceTree = "<group>"; };
		C94138DB221A476800AFA04F /* Heqingzhao_MultiChannelContentView.m */ = {isa = PBXFileReference; lastKnownFileType = sourcecode.c.objc; path = Heqingzhao_MultiChannelContentView.m; sourceTree = "<group>"; };
		C952BC8B222D0DE7006B22DC /* Heqingzhao_DUContext.h */ = {isa = PBXFileReference; lastKnownFileType = sourcecode.c.h; path = Heqingzhao_DUContext.h; sourceTree = "<group>"; };
		C952BC8C222D0DE7006B22DC /* Heqingzhao_DUContext.m */ = {isa = PBXFileReference; lastKnownFileType = sourcecode.c.objc; path = Heqingzhao_DUContext.m; sourceTree = "<group>"; };
		C952BC91222D4625006B22DC /* du_main.js */ = {isa = PBXFileReference; lastKnownFileType = sourcecode.javascript; path = du_main.js; sourceTree = "<group>"; };
		C952BC93222D47EE006B22DC /* du_instanceMethod.js */ = {isa = PBXFileReference; lastKnownFileType = sourcecode.javascript; path = du_instanceMethod.js; sourceTree = "<group>"; };
		C969E23A22B1000C00CEFB82 /* DemoBaseViewController.m */ = {isa = PBXFileReference; fileEncoding = 4; lastKnownFileType = sourcecode.c.objc; path = DemoBaseViewController.m; sourceTree = "<group>"; };
		C969E23B22B1000C00CEFB82 /* DemoBaseViewController.h */ = {isa = PBXFileReference; fileEncoding = 4; lastKnownFileType = sourcecode.c.h; path = DemoBaseViewController.h; sourceTree = "<group>"; };
		C96C413323BAF38F002F61B0 /* SFChartTextAnimatable.h */ = {isa = PBXFileReference; fileEncoding = 4; lastKnownFileType = sourcecode.c.h; path = SFChartTextAnimatable.h; sourceTree = "<group>"; };
		C96C413423BAF38F002F61B0 /* SFChartPolylineAnimatable.m */ = {isa = PBXFileReference; fileEncoding = 4; lastKnownFileType = sourcecode.c.objc; path = SFChartPolylineAnimatable.m; sourceTree = "<group>"; };
		C96C413523BAF38F002F61B0 /* SFChartImageAnimatable.m */ = {isa = PBXFileReference; fileEncoding = 4; lastKnownFileType = sourcecode.c.objc; path = SFChartImageAnimatable.m; sourceTree = "<group>"; };
		C96C413623BAF38F002F61B0 /* SFChartPillarAnimatable.m */ = {isa = PBXFileReference; fileEncoding = 4; lastKnownFileType = sourcecode.c.objc; path = SFChartPillarAnimatable.m; sourceTree = "<group>"; };
		C96C413723BAF38F002F61B0 /* SFChartFillAnimatable.m */ = {isa = PBXFileReference; fileEncoding = 4; lastKnownFileType = sourcecode.c.objc; path = SFChartFillAnimatable.m; sourceTree = "<group>"; };
		C96C413823BAF38F002F61B0 /* SFChartPtCollectionAnimatable.h */ = {isa = PBXFileReference; fileEncoding = 4; lastKnownFileType = sourcecode.c.h; path = SFChartPtCollectionAnimatable.h; sourceTree = "<group>"; };
		C96C413923BAF38F002F61B0 /* SFChartPolylineAnimatable.h */ = {isa = PBXFileReference; fileEncoding = 4; lastKnownFileType = sourcecode.c.h; path = SFChartPolylineAnimatable.h; sourceTree = "<group>"; };
		C96C413A23BAF38F002F61B0 /* SFChartTextAnimatable.m */ = {isa = PBXFileReference; fileEncoding = 4; lastKnownFileType = sourcecode.c.objc; path = SFChartTextAnimatable.m; sourceTree = "<group>"; };
		C96C413B23BAF38F002F61B0 /* SFChartPillarAnimatable.h */ = {isa = PBXFileReference; fileEncoding = 4; lastKnownFileType = sourcecode.c.h; path = SFChartPillarAnimatable.h; sourceTree = "<group>"; };
		C96C413C23BAF38F002F61B0 /* SFChartImageAnimatable.h */ = {isa = PBXFileReference; fileEncoding = 4; lastKnownFileType = sourcecode.c.h; path = SFChartImageAnimatable.h; sourceTree = "<group>"; };
		C96C413D23BAF38F002F61B0 /* SFChartFillAnimatable.h */ = {isa = PBXFileReference; fileEncoding = 4; lastKnownFileType = sourcecode.c.h; path = SFChartFillAnimatable.h; sourceTree = "<group>"; };
		C96C413E23BAF38F002F61B0 /* SFChartPtCollectionAnimatable.m */ = {isa = PBXFileReference; fileEncoding = 4; lastKnownFileType = sourcecode.c.objc; path = SFChartPtCollectionAnimatable.m; sourceTree = "<group>"; };
		C96C414023BAF38F002F61B0 /* SFChartCoordinateVerticalAxis.h */ = {isa = PBXFileReference; fileEncoding = 4; lastKnownFileType = sourcecode.c.h; path = SFChartCoordinateVerticalAxis.h; sourceTree = "<group>"; };
		C96C414123BAF38F002F61B0 /* SFChartAxisMarkLabel.m */ = {isa = PBXFileReference; fileEncoding = 4; lastKnownFileType = sourcecode.c.objc; path = SFChartAxisMarkLabel.m; sourceTree = "<group>"; };
		C96C414223BAF38F002F61B0 /* SFChartCoordinateAxis.h */ = {isa = PBXFileReference; fileEncoding = 4; lastKnownFileType = sourcecode.c.h; path = SFChartCoordinateAxis.h; sourceTree = "<group>"; };
		C96C414323BAF38F002F61B0 /* SFChartCoordinateHorizontalAxis.h */ = {isa = PBXFileReference; fileEncoding = 4; lastKnownFileType = sourcecode.c.h; path = SFChartCoordinateHorizontalAxis.h; sourceTree = "<group>"; };
		C96C414423BAF38F002F61B0 /* SFChartCoordinateHorizontalAxisAnimatable.h */ = {isa = PBXFileReference; fileEncoding = 4; lastKnownFileType = sourcecode.c.h; path = SFChartCoordinateHorizontalAxisAnimatable.h; sourceTree = "<group>"; };
		C96C414523BAF38F002F61B0 /* SFChartCoordinateVerticalAxis.m */ = {isa = PBXFileReference; fileEncoding = 4; lastKnownFileType = sourcecode.c.objc; path = SFChartCoordinateVerticalAxis.m; sourceTree = "<group>"; };
		C96C414623BAF38F002F61B0 /* SFChartAxisMarkLabel.h */ = {isa = PBXFileReference; fileEncoding = 4; lastKnownFileType = sourcecode.c.h; path = SFChartAxisMarkLabel.h; sourceTree = "<group>"; };
		C96C414723BAF38F002F61B0 /* SFChartCoordinateHorizontalAxisAnimatable.m */ = {isa = PBXFileReference; fileEncoding = 4; lastKnownFileType = sourcecode.c.objc; path = SFChartCoordinateHorizontalAxisAnimatable.m; sourceTree = "<group>"; };
		C96C414823BAF38F002F61B0 /* SFChartCoordinateAxis.m */ = {isa = PBXFileReference; fileEncoding = 4; lastKnownFileType = sourcecode.c.objc; path = SFChartCoordinateAxis.m; sourceTree = "<group>"; };
		C96C414923BAF38F002F61B0 /* SFChartCoordinateHorizontalAxis.m */ = {isa = PBXFileReference; fileEncoding = 4; lastKnownFileType = sourcecode.c.objc; path = SFChartCoordinateHorizontalAxis.m; sourceTree = "<group>"; };
		C96C414B23BAF38F002F61B0 /* SFChartPillarDrawable.m */ = {isa = PBXFileReference; fileEncoding = 4; lastKnownFileType = sourcecode.c.objc; path = SFChartPillarDrawable.m; sourceTree = "<group>"; };
		C96C414C23BAF38F002F61B0 /* SFChartPointCollection.h */ = {isa = PBXFileReference; fileEncoding = 4; lastKnownFileType = sourcecode.c.h; path = SFChartPointCollection.h; sourceTree = "<group>"; };
		C96C414D23BAF38F002F61B0 /* SFChartPolylineDrawable.h */ = {isa = PBXFileReference; fileEncoding = 4; lastKnownFileType = sourcecode.c.h; path = SFChartPolylineDrawable.h; sourceTree = "<group>"; };
		C96C414E23BAF38F002F61B0 /* SFChartFillDrawable.m */ = {isa = PBXFileReference; fileEncoding = 4; lastKnownFileType = sourcecode.c.objc; path = SFChartFillDrawable.m; sourceTree = "<group>"; };
		C96C414F23BAF38F002F61B0 /* SFChartPolylineDrawable.m */ = {isa = PBXFileReference; fileEncoding = 4; lastKnownFileType = sourcecode.c.objc; path = SFChartPolylineDrawable.m; sourceTree = "<group>"; };
		C96C415023BAF38F002F61B0 /* SFChartPointCollection.m */ = {isa = PBXFileReference; fileEncoding = 4; lastKnownFileType = sourcecode.c.objc; path = SFChartPointCollection.m; sourceTree = "<group>"; };
		C96C415123BAF38F002F61B0 /* SFChartPillarDrawable.h */ = {isa = PBXFileReference; fileEncoding = 4; lastKnownFileType = sourcecode.c.h; path = SFChartPillarDrawable.h; sourceTree = "<group>"; };
		C96C415223BAF38F002F61B0 /* SFChartFillDrawable.h */ = {isa = PBXFileReference; fileEncoding = 4; lastKnownFileType = sourcecode.c.h; path = SFChartFillDrawable.h; sourceTree = "<group>"; };
		C96C415423BAF38F002F61B0 /* SFChartChart.m */ = {isa = PBXFileReference; fileEncoding = 4; lastKnownFileType = sourcecode.c.objc; path = SFChartChart.m; sourceTree = "<group>"; };
		C96C415523BAF38F002F61B0 /* SFChartLayer.m */ = {isa = PBXFileReference; fileEncoding = 4; lastKnownFileType = sourcecode.c.objc; path = SFChartLayer.m; sourceTree = "<group>"; };
		C96C415623BAF38F002F61B0 /* SFChartElement.h */ = {isa = PBXFileReference; fileEncoding = 4; lastKnownFileType = sourcecode.c.h; path = SFChartElement.h; sourceTree = "<group>"; };
		C96C415723BAF38F002F61B0 /* SFChartView.h */ = {isa = PBXFileReference; fileEncoding = 4; lastKnownFileType = sourcecode.c.h; path = SFChartView.h; sourceTree = "<group>"; };
		C96C415823BAF38F002F61B0 /* SFChartLayer.h */ = {isa = PBXFileReference; fileEncoding = 4; lastKnownFileType = sourcecode.c.h; path = SFChartLayer.h; sourceTree = "<group>"; };
		C96C415923BAF38F002F61B0 /* SFChartChart.h */ = {isa = PBXFileReference; fileEncoding = 4; lastKnownFileType = sourcecode.c.h; path = SFChartChart.h; sourceTree = "<group>"; };
		C96C415A23BAF38F002F61B0 /* SFChartElement.m */ = {isa = PBXFileReference; fileEncoding = 4; lastKnownFileType = sourcecode.c.objc; path = SFChartElement.m; sourceTree = "<group>"; };
		C96C415B23BAF38F002F61B0 /* SFChartView.m */ = {isa = PBXFileReference; fileEncoding = 4; lastKnownFileType = sourcecode.c.objc; path = SFChartView.m; sourceTree = "<group>"; };
		C96C415E23BAF390002F61B0 /* SFChartTextGrid.m */ = {isa = PBXFileReference; fileEncoding = 4; lastKnownFileType = sourcecode.c.objc; path = SFChartTextGrid.m; sourceTree = "<group>"; };
		C96C415F23BAF390002F61B0 /* SFChartGridView.m */ = {isa = PBXFileReference; fileEncoding = 4; lastKnownFileType = sourcecode.c.objc; path = SFChartGridView.m; sourceTree = "<group>"; };
		C96C416023BAF390002F61B0 /* SFChartStandardGrid.m */ = {isa = PBXFileReference; fileEncoding = 4; lastKnownFileType = sourcecode.c.objc; path = SFChartStandardGrid.m; sourceTree = "<group>"; };
		C96C416123BAF390002F61B0 /* SFChartGrid.h */ = {isa = PBXFileReference; fileEncoding = 4; lastKnownFileType = sourcecode.c.h; path = SFChartGrid.h; sourceTree = "<group>"; };
		C96C416223BAF390002F61B0 /* SFChartTextGrid.h */ = {isa = PBXFileReference; fileEncoding = 4; lastKnownFileType = sourcecode.c.h; path = SFChartTextGrid.h; sourceTree = "<group>"; };
		C96C416323BAF390002F61B0 /* SFChartStandardGrid.h */ = {isa = PBXFileReference; fileEncoding = 4; lastKnownFileType = sourcecode.c.h; path = SFChartStandardGrid.h; sourceTree = "<group>"; };
		C96C416423BAF390002F61B0 /* SFChartGrid.m */ = {isa = PBXFileReference; fileEncoding = 4; lastKnownFileType = sourcecode.c.objc; path = SFChartGrid.m; sourceTree = "<group>"; };
		C96C416523BAF390002F61B0 /* SFChartGridView.h */ = {isa = PBXFileReference; fileEncoding = 4; lastKnownFileType = sourcecode.c.h; path = SFChartGridView.h; sourceTree = "<group>"; };
		C96C416D23BAF390002F61B0 /* readme.md */ = {isa = PBXFileReference; fileEncoding = 4; lastKnownFileType = net.daringfireball.markdown; path = readme.md; sourceTree = "<group>"; };
		C96C416F23BAF390002F61B0 /* SFChart.h */ = {isa = PBXFileReference; fileEncoding = 4; lastKnownFileType = sourcecode.c.h; path = SFChart.h; sourceTree = "<group>"; };
		C96C417023BAF390002F61B0 /* SFChartRange.c */ = {isa = PBXFileReference; fileEncoding = 4; lastKnownFileType = sourcecode.c.c; path = SFChartRange.c; sourceTree = "<group>"; };
		C96C417123BAF390002F61B0 /* SFChartCommonFunc.m */ = {isa = PBXFileReference; fileEncoding = 4; lastKnownFileType = sourcecode.c.objc; path = SFChartCommonFunc.m; sourceTree = "<group>"; };
		C96C417223BAF390002F61B0 /* SFChartRange.h */ = {isa = PBXFileReference; fileEncoding = 4; lastKnownFileType = sourcecode.c.h; path = SFChartRange.h; sourceTree = "<group>"; };
		C96C417323BAF390002F61B0 /* SFChartCommonFunc.h */ = {isa = PBXFileReference; fileEncoding = 4; lastKnownFileType = sourcecode.c.h; path = SFChartCommonFunc.h; sourceTree = "<group>"; };
		C96DEB442226597F00538E65 /* Heqingzhao_TableViewBaseCell.h */ = {isa = PBXFileReference; lastKnownFileType = sourcecode.c.h; path = Heqingzhao_TableViewBaseCell.h; sourceTree = "<group>"; };
		C96DEB452226597F00538E65 /* Heqingzhao_TableViewBaseCell.m */ = {isa = PBXFileReference; lastKnownFileType = sourcecode.c.objc; path = Heqingzhao_TableViewBaseCell.m; sourceTree = "<group>"; };
		C98C3B3922AE81270085A7C8 /* UINib+nibCollection.m */ = {isa = PBXFileReference; fileEncoding = 4; lastKnownFileType = sourcecode.c.objc; path = "UINib+nibCollection.m"; sourceTree = "<group>"; };
		C98C3B3A22AE81270085A7C8 /* UINib+nibCollection.h */ = {isa = PBXFileReference; fileEncoding = 4; lastKnownFileType = sourcecode.c.h; path = "UINib+nibCollection.h"; sourceTree = "<group>"; };
		C99BACB122CE3382000991CE /* skin_1.plist */ = {isa = PBXFileReference; lastKnownFileType = text.plist.xml; path = skin_1.plist; sourceTree = "<group>"; };
		C99BACB322CE3473000991CE /* skin_2.plist */ = {isa = PBXFileReference; fileEncoding = 4; lastKnownFileType = text.plist.xml; path = skin_2.plist; sourceTree = "<group>"; };
		C99BACB522CE3519000991CE /* ThemeDemoViewController.h */ = {isa = PBXFileReference; lastKnownFileType = sourcecode.c.h; path = ThemeDemoViewController.h; sourceTree = "<group>"; };
		C99BACB622CE3519000991CE /* ThemeDemoViewController.m */ = {isa = PBXFileReference; lastKnownFileType = sourcecode.c.objc; path = ThemeDemoViewController.m; sourceTree = "<group>"; };
		C99BACB722CE3519000991CE /* ThemeDemoViewController.xib */ = {isa = PBXFileReference; lastKnownFileType = file.xib; path = ThemeDemoViewController.xib; sourceTree = "<group>"; };
		C9A3FDA422D33B790054B17A /* ThemeDemo2ViewController.h */ = {isa = PBXFileReference; lastKnownFileType = sourcecode.c.h; path = ThemeDemo2ViewController.h; sourceTree = "<group>"; };
		C9A3FDA522D33B790054B17A /* ThemeDemo2ViewController.m */ = {isa = PBXFileReference; lastKnownFileType = sourcecode.c.objc; path = ThemeDemo2ViewController.m; sourceTree = "<group>"; };
		C9A3FDA922D33C0A0054B17A /* ThemeTableViewCell.h */ = {isa = PBXFileReference; lastKnownFileType = sourcecode.c.h; path = ThemeTableViewCell.h; sourceTree = "<group>"; };
		C9A3FDAA22D33C0A0054B17A /* ThemeTableViewCell.m */ = {isa = PBXFileReference; lastKnownFileType = sourcecode.c.objc; path = ThemeTableViewCell.m; sourceTree = "<group>"; };
		C9A3FDAE22D342600054B17A /* ThemeDemo2ViewController.xib */ = {isa = PBXFileReference; lastKnownFileType = file.xib; path = ThemeDemo2ViewController.xib; sourceTree = "<group>"; };
		C9A645EB23B9F3C200BD7B6E /* Heqingzhao_Reachability.h */ = {isa = PBXFileReference; lastKnownFileType = sourcecode.c.h; path = Heqingzhao_Reachability.h; sourceTree = "<group>"; };
		C9A645EC23B9F3C200BD7B6E /* Heqingzhao_Reachability.m */ = {isa = PBXFileReference; lastKnownFileType = sourcecode.c.objc; path = Heqingzhao_Reachability.m; sourceTree = "<group>"; };
		C9AE410522CF1C0B0092E00A /* Heqingzhao_LabelThemeDecorater.m */ = {isa = PBXFileReference; fileEncoding = 4; lastKnownFileType = sourcecode.c.objc; path = Heqingzhao_LabelThemeDecorater.m; sourceTree = "<group>"; };
		C9AE410622CF1C0B0092E00A /* Heqingzhao_ButtonThemeDecorater.m */ = {isa = PBXFileReference; fileEncoding = 4; lastKnownFileType = sourcecode.c.objc; path = Heqingzhao_ButtonThemeDecorater.m; sourceTree = "<group>"; };
		C9AE410722CF1C0B0092E00A /* UIView+ThemeConfig.h */ = {isa = PBXFileReference; fileEncoding = 4; lastKnownFileType = sourcecode.c.h; path = "UIView+ThemeConfig.h"; sourceTree = "<group>"; };
		C9AE410822CF1C0B0092E00A /* Heqingzhao_ThemeSkinManager.m */ = {isa = PBXFileReference; fileEncoding = 4; lastKnownFileType = sourcecode.c.objc; path = Heqingzhao_ThemeSkinManager.m; sourceTree = "<group>"; };
		C9AE410922CF1C0B0092E00A /* Heqingzhao_ViewThemeDecorater.m */ = {isa = PBXFileReference; fileEncoding = 4; lastKnownFileType = sourcecode.c.objc; path = Heqingzhao_ViewThemeDecorater.m; sourceTree = "<group>"; };
		C9AE410A22CF1C0B0092E00A /* Heqingzhao_LabelThemeDecorater.h */ = {isa = PBXFileReference; fileEncoding = 4; lastKnownFileType = sourcecode.c.h; path = Heqingzhao_LabelThemeDecorater.h; sourceTree = "<group>"; };
		C9AE410B22CF1C0B0092E00A /* Heqingzhao_ButtonThemeDecorater.h */ = {isa = PBXFileReference; fileEncoding = 4; lastKnownFileType = sourcecode.c.h; path = Heqingzhao_ButtonThemeDecorater.h; sourceTree = "<group>"; };
		C9AE410C22CF1C0B0092E00A /* Heqingzhao_ThemeSkinManager.h */ = {isa = PBXFileReference; fileEncoding = 4; lastKnownFileType = sourcecode.c.h; path = Heqingzhao_ThemeSkinManager.h; sourceTree = "<group>"; };
		C9AE410D22CF1C0B0092E00A /* UIView+ThemeConfig.m */ = {isa = PBXFileReference; fileEncoding = 4; lastKnownFileType = sourcecode.c.objc; path = "UIView+ThemeConfig.m"; sourceTree = "<group>"; };
		C9AE410E22CF1C0B0092E00A /* Heqingzhao_ViewThemeDecorater.h */ = {isa = PBXFileReference; fileEncoding = 4; lastKnownFileType = sourcecode.c.h; path = Heqingzhao_ViewThemeDecorater.h; sourceTree = "<group>"; };
		C9B0AD69221D259C00F747B1 /* Heqingzhao_SinglePixelView.m */ = {isa = PBXFileReference; fileEncoding = 4; lastKnownFileType = sourcecode.c.objc; path = Heqingzhao_SinglePixelView.m; sourceTree = "<group>"; };
		C9B0AD6A221D259C00F747B1 /* Heqingzhao_SinglePixelView.h */ = {isa = PBXFileReference; fileEncoding = 4; lastKnownFileType = sourcecode.c.h; path = Heqingzhao_SinglePixelView.h; sourceTree = "<group>"; };
		C9B0AD6C221D32DA00F747B1 /* Heqingzhao_MultiChannelEditCell.h */ = {isa = PBXFileReference; lastKnownFileType = sourcecode.c.h; path = Heqingzhao_MultiChannelEditCell.h; sourceTree = "<group>"; };
		C9B0AD6D221D32DA00F747B1 /* Heqingzhao_MultiChannelEditCell.m */ = {isa = PBXFileReference; lastKnownFileType = sourcecode.c.objc; path = Heqingzhao_MultiChannelEditCell.m; sourceTree = "<group>"; };
		C9B4E3B42223B78A00454349 /* Heqingzhao_TableViewController.h */ = {isa = PBXFileReference; lastKnownFileType = sourcecode.c.h; path = Heqingzhao_TableViewController.h; sourceTree = "<group>"; };
		C9B4E3B52223B78A00454349 /* Heqingzhao_TableViewController.m */ = {isa = PBXFileReference; lastKnownFileType = sourcecode.c.objc; path = Heqingzhao_TableViewController.m; sourceTree = "<group>"; };
		C9B4E3B72223B80300454349 /* Heqingzhao_TableViewSectionConfig.h */ = {isa = PBXFileReference; lastKnownFileType = sourcecode.c.h; path = Heqingzhao_TableViewSectionConfig.h; sourceTree = "<group>"; };
		C9B4E3B82223B80300454349 /* Heqingzhao_TableViewSectionConfig.m */ = {isa = PBXFileReference; lastKnownFileType = sourcecode.c.objc; path = Heqingzhao_TableViewSectionConfig.m; sourceTree = "<group>"; };
		C9BA871722A69613008A60A1 /* cat05.jpeg */ = {isa = PBXFileReference; lastKnownFileType = image.jpeg; path = cat05.jpeg; sourceTree = "<group>"; };
		C9BA871822A69613008A60A1 /* cat03.jpeg */ = {isa = PBXFileReference; lastKnownFileType = image.jpeg; path = cat03.jpeg; sourceTree = "<group>"; };
		C9BA871922A69613008A60A1 /* cat02.jpeg */ = {isa = PBXFileReference; lastKnownFileType = image.jpeg; path = cat02.jpeg; sourceTree = "<group>"; };
		C9BA871A22A69613008A60A1 /* cat04.jpeg */ = {isa = PBXFileReference; lastKnownFileType = image.jpeg; path = cat04.jpeg; sourceTree = "<group>"; };
		C9BA871B22A69613008A60A1 /* cat06.jpeg */ = {isa = PBXFileReference; lastKnownFileType = image.jpeg; path = cat06.jpeg; sourceTree = "<group>"; };
		C9BA871C22A69613008A60A1 /* cat01.jpeg */ = {isa = PBXFileReference; lastKnownFileType = image.jpeg; path = cat01.jpeg; sourceTree = "<group>"; };
		C9BB1E43221551D90050B493 /* HeComponent.app */ = {isa = PBXFileReference; explicitFileType = wrapper.application; includeInIndex = 0; path = HeComponent.app; sourceTree = BUILT_PRODUCTS_DIR; };
		C9BB1E46221551D90050B493 /* AppDelegate.h */ = {isa = PBXFileReference; lastKnownFileType = sourcecode.c.h; path = AppDelegate.h; sourceTree = "<group>"; };
		C9BB1E47221551D90050B493 /* AppDelegate.m */ = {isa = PBXFileReference; lastKnownFileType = sourcecode.c.objc; path = AppDelegate.m; sourceTree = "<group>"; };
		C9BB1E49221551D90050B493 /* ViewController.h */ = {isa = PBXFileReference; lastKnownFileType = sourcecode.c.h; path = ViewController.h; sourceTree = "<group>"; };
		C9BB1E4A221551D90050B493 /* ViewController.m */ = {isa = PBXFileReference; lastKnownFileType = sourcecode.c.objc; path = ViewController.m; sourceTree = "<group>"; };
		C9BB1E4D221551D90050B493 /* Base */ = {isa = PBXFileReference; lastKnownFileType = file.storyboard; name = Base; path = Base.lproj/Main.storyboard; sourceTree = "<group>"; };
		C9BB1E4F221551DC0050B493 /* Assets.xcassets */ = {isa = PBXFileReference; lastKnownFileType = folder.assetcatalog; path = Assets.xcassets; sourceTree = "<group>"; };
		C9BB1E52221551DC0050B493 /* Base */ = {isa = PBXFileReference; lastKnownFileType = file.storyboard; name = Base; path = Base.lproj/LaunchScreen.storyboard; sourceTree = "<group>"; };
		C9BB1E54221551DC0050B493 /* Info.plist */ = {isa = PBXFileReference; lastKnownFileType = text.plist.xml; path = Info.plist; sourceTree = "<group>"; };
		C9BB1E55221551DC0050B493 /* main.m */ = {isa = PBXFileReference; lastKnownFileType = sourcecode.c.objc; path = main.m; sourceTree = "<group>"; };
		C9BB1E8A2216CEAC0050B493 /* UIView+view_frame.m */ = {isa = PBXFileReference; fileEncoding = 4; lastKnownFileType = sourcecode.c.objc; path = "UIView+view_frame.m"; sourceTree = "<group>"; };
		C9BB1E8B2216CEAC0050B493 /* UIView+view_frame.h */ = {isa = PBXFileReference; fileEncoding = 4; lastKnownFileType = sourcecode.c.h; path = "UIView+view_frame.h"; sourceTree = "<group>"; };
		C9BB1E8D2216CEAC0050B493 /* Heqingzhao_TabbarAdjustPosition.m */ = {isa = PBXFileReference; fileEncoding = 4; lastKnownFileType = sourcecode.c.objc; path = Heqingzhao_TabbarAdjustPosition.m; sourceTree = "<group>"; };
		C9BB1E8E2216CEAC0050B493 /* Heqingzhao_MultiChannelViewController.m */ = {isa = PBXFileReference; fileEncoding = 4; lastKnownFileType = sourcecode.c.objc; path = Heqingzhao_MultiChannelViewController.m; sourceTree = "<group>"; };
		C9BB1E8F2216CEAC0050B493 /* Heqingzhao_MultiChannelConfig.m */ = {isa = PBXFileReference; fileEncoding = 4; lastKnownFileType = sourcecode.c.objc; path = Heqingzhao_MultiChannelConfig.m; sourceTree = "<group>"; };
		C9BB1E902216CEAC0050B493 /* Heqingzhao_MultiChannelTopBar.h */ = {isa = PBXFileReference; fileEncoding = 4; lastKnownFileType = sourcecode.c.h; path = Heqingzhao_MultiChannelTopBar.h; sourceTree = "<group>"; };
		C9BB1E912216CEAC0050B493 /* Heqingzhao_TabbarAdjustPosition.h */ = {isa = PBXFileReference; fileEncoding = 4; lastKnownFileType = sourcecode.c.h; path = Heqingzhao_TabbarAdjustPosition.h; sourceTree = "<group>"; };
		C9BB1E922216CEAC0050B493 /* Heqingzhao_MultiChannelViewController.h */ = {isa = PBXFileReference; fileEncoding = 4; lastKnownFileType = sourcecode.c.h; path = Heqingzhao_MultiChannelViewController.h; sourceTree = "<group>"; };
		C9BB1E932216CEAC0050B493 /* Heqingzhao_MultiChannelTopBar.m */ = {isa = PBXFileReference; fileEncoding = 4; lastKnownFileType = sourcecode.c.objc; path = Heqingzhao_MultiChannelTopBar.m; sourceTree = "<group>"; };
		C9BB1E942216CEAC0050B493 /* Heqingzhao_MultiChannelConfig.h */ = {isa = PBXFileReference; fileEncoding = 4; lastKnownFileType = sourcecode.c.h; path = Heqingzhao_MultiChannelConfig.h; sourceTree = "<group>"; };
		C9BDB026221BF5BB00FC4168 /* MultiChannelDemoViewController.h */ = {isa = PBXFileReference; lastKnownFileType = sourcecode.c.h; path = MultiChannelDemoViewController.h; sourceTree = "<group>"; };
		C9BDB027221BF5BB00FC4168 /* MultiChannelDemoViewController.m */ = {isa = PBXFileReference; lastKnownFileType = sourcecode.c.objc; path = MultiChannelDemoViewController.m; sourceTree = "<group>"; };
		C9BDB029221BF6D800FC4168 /* UIColor+extension_qingzhao.h */ = {isa = PBXFileReference; lastKnownFileType = sourcecode.c.h; path = "UIColor+extension_qingzhao.h"; sourceTree = "<group>"; };
		C9BDB02A221BF6D800FC4168 /* UIColor+extension_qingzhao.m */ = {isa = PBXFileReference; lastKnownFileType = sourcecode.c.objc; path = "UIColor+extension_qingzhao.m"; sourceTree = "<group>"; };
		C9BDB02D221BFB3700FC4168 /* down_arrow@2x.png */ = {isa = PBXFileReference; lastKnownFileType = image.png; path = "down_arrow@2x.png"; sourceTree = "<group>"; };
		C9BDB02E221BFB3700FC4168 /* down_arrow@3x.png */ = {isa = PBXFileReference; lastKnownFileType = image.png; path = "down_arrow@3x.png"; sourceTree = "<group>"; };
		C9BDB066221C237100FC4168 /* Heqingzhao_MultiChannelEditViewController.h */ = {isa = PBXFileReference; lastKnownFileType = sourcecode.c.h; path = Heqingzhao_MultiChannelEditViewController.h; sourceTree = "<group>"; };
		C9BDB067221C237100FC4168 /* Heqingzhao_MultiChannelEditViewController.m */ = {isa = PBXFileReference; lastKnownFileType = sourcecode.c.objc; path = Heqingzhao_MultiChannelEditViewController.m; sourceTree = "<group>"; };
		C9BE042623B5D783006BD92B /* NSObject+DU.h */ = {isa = PBXFileReference; lastKnownFileType = sourcecode.c.h; path = "NSObject+DU.h"; sourceTree = "<group>"; };
		C9BE042723B5D783006BD92B /* NSObject+DU.m */ = {isa = PBXFileReference; lastKnownFileType = sourcecode.c.objc; path = "NSObject+DU.m"; sourceTree = "<group>"; };
		C9CF39DA22A8AE8700BB1FA8 /* Heqingzhao_BaseViewController.h */ = {isa = PBXFileReference; lastKnownFileType = sourcecode.c.h; path = Heqingzhao_BaseViewController.h; sourceTree = "<group>"; };
		C9CF39DB22A8AE8700BB1FA8 /* Heqingzhao_BaseViewController.m */ = {isa = PBXFileReference; lastKnownFileType = sourcecode.c.objc; path = Heqingzhao_BaseViewController.m; sourceTree = "<group>"; };
		C9CF39E222A8F05B00BB1FA8 /* Heqingzhao_RubishManager.h */ = {isa = PBXFileReference; lastKnownFileType = sourcecode.c.h; path = Heqingzhao_RubishManager.h; sourceTree = "<group>"; };
		C9CF39E322A8F05B00BB1FA8 /* Heqingzhao_RubishManager.m */ = {isa = PBXFileReference; lastKnownFileType = sourcecode.c.objc; path = Heqingzhao_RubishManager.m; sourceTree = "<group>"; };
		C9CF39E522A8F07200BB1FA8 /* NSObject+classNameCollection.h */ = {isa = PBXFileReference; fileEncoding = 4; lastKnownFileType = sourcecode.c.h; path = "NSObject+classNameCollection.h"; sourceTree = "<group>"; };
		C9CF39E622A8F07200BB1FA8 /* NSObject+classNameCollection.m */ = {isa = PBXFileReference; fileEncoding = 4; lastKnownFileType = sourcecode.c.objc; path = "NSObject+classNameCollection.m"; sourceTree = "<group>"; };
		C9CF39E822A9094700BB1FA8 /* UIViewController+nibCollection.m */ = {isa = PBXFileReference; fileEncoding = 4; lastKnownFileType = sourcecode.c.objc; path = "UIViewController+nibCollection.m"; sourceTree = "<group>"; };
		C9CF39E922A9094700BB1FA8 /* UIViewController+nibCollection.h */ = {isa = PBXFileReference; fileEncoding = 4; lastKnownFileType = sourcecode.c.h; path = "UIViewController+nibCollection.h"; sourceTree = "<group>"; };
		C9CF39EB22A90C2500BB1FA8 /* NSBundle+nibCollection.m */ = {isa = PBXFileReference; fileEncoding = 4; lastKnownFileType = sourcecode.c.objc; path = "NSBundle+nibCollection.m"; sourceTree = "<group>"; };
		C9CF39EC22A90C2500BB1FA8 /* NSBundle+nibCollection.h */ = {isa = PBXFileReference; fileEncoding = 4; lastKnownFileType = sourcecode.c.h; path = "NSBundle+nibCollection.h"; sourceTree = "<group>"; };
		C9CF39EE22A90E2D00BB1FA8 /* Heqingzhao_RubishTestViewController.xib */ = {isa = PBXFileReference; lastKnownFileType = file.xib; path = Heqingzhao_RubishTestViewController.xib; sourceTree = "<group>"; };
		C9CF39F022A912B100BB1FA8 /* UIImage+nameCollection.m */ = {isa = PBXFileReference; fileEncoding = 4; lastKnownFileType = sourcecode.c.objc; path = "UIImage+nameCollection.m"; sourceTree = "<group>"; };
		C9CF39F122A912B100BB1FA8 /* UIImage+nameCollection.h */ = {isa = PBXFileReference; fileEncoding = 4; lastKnownFileType = sourcecode.c.h; path = "UIImage+nameCollection.h"; sourceTree = "<group>"; };
		C9D260BD2228D962009AE2EF /* TableControllerDemoViewController.h */ = {isa = PBXFileReference; lastKnownFileType = sourcecode.c.h; path = TableControllerDemoViewController.h; sourceTree = "<group>"; };
		C9D260BE2228D962009AE2EF /* TableControllerDemoViewController.m */ = {isa = PBXFileReference; lastKnownFileType = sourcecode.c.objc; path = TableControllerDemoViewController.m; sourceTree = "<group>"; };
		C9D260C02228DCCC009AE2EF /* TableControllerDemoCell.h */ = {isa = PBXFileReference; lastKnownFileType = sourcecode.c.h; path = TableControllerDemoCell.h; sourceTree = "<group>"; };
		C9D260C12228DCCC009AE2EF /* TableControllerDemoCell.m */ = {isa = PBXFileReference; lastKnownFileType = sourcecode.c.objc; path = TableControllerDemoCell.m; sourceTree = "<group>"; };
		C9D3B4DD221ECA3B00A8E573 /* label_delete@2x.png */ = {isa = PBXFileReference; lastKnownFileType = image.png; path = "label_delete@2x.png"; sourceTree = "<group>"; };
		C9D3B4DE221ECA3B00A8E573 /* label_delete@3x.png */ = {isa = PBXFileReference; lastKnownFileType = image.png; path = "label_delete@3x.png"; sourceTree = "<group>"; };
		C9D3B4E3221ECE8D00A8E573 /* Heqingzhao_ImageLoader.h */ = {isa = PBXFileReference; lastKnownFileType = sourcecode.c.h; path = Heqingzhao_ImageLoader.h; sourceTree = "<group>"; };
		C9D3B4E4221ECE8D00A8E573 /* Heqingzhao_ImageLoader.m */ = {isa = PBXFileReference; lastKnownFileType = sourcecode.c.objc; path = Heqingzhao_ImageLoader.m; sourceTree = "<group>"; };
		C9D3B4E6221ECECC00A8E573 /* navi_back@3x.png */ = {isa = PBXFileReference; lastKnownFileType = image.png; path = "navi_back@3x.png"; sourceTree = "<group>"; };
		C9D3B4E7221ECECC00A8E573 /* navi_back@2x.png */ = {isa = PBXFileReference; lastKnownFileType = image.png; path = "navi_back@2x.png"; sourceTree = "<group>"; };
		C9D4A94522978DC800FEFD5E /* Heqingzhao_CrashCatcher.h */ = {isa = PBXFileReference; lastKnownFileType = sourcecode.c.h; path = Heqingzhao_CrashCatcher.h; sourceTree = "<group>"; };
		C9D4A94622978DC800FEFD5E /* Heqingzhao_CrashCatcher.m */ = {isa = PBXFileReference; lastKnownFileType = sourcecode.c.objc; path = Heqingzhao_CrashCatcher.m; sourceTree = "<group>"; };
		C9D4A95A2297EA7B00FEFD5E /* UINavigationBar+layoutSubViews.h */ = {isa = PBXFileReference; lastKnownFileType = sourcecode.c.h; path = "UINavigationBar+layoutSubViews.h"; sourceTree = "<group>"; };
		C9D4A95B2297EA7B00FEFD5E /* UINavigationBar+layoutSubViews.m */ = {isa = PBXFileReference; lastKnownFileType = sourcecode.c.objc; path = "UINavigationBar+layoutSubViews.m"; sourceTree = "<group>"; };
		C9DFFD27222802D500A8374C /* Heqingzhao_TopLoadingView.h */ = {isa = PBXFileReference; lastKnownFileType = sourcecode.c.h; path = Heqingzhao_TopLoadingView.h; sourceTree = "<group>"; };
		C9DFFD28222802D500A8374C /* Heqingzhao_TopLoadingView.m */ = {isa = PBXFileReference; lastKnownFileType = sourcecode.c.objc; path = Heqingzhao_TopLoadingView.m; sourceTree = "<group>"; };
		C9DFFD2B222806DE00A8374C /* Heqingzhao_LoadingView.h */ = {isa = PBXFileReference; lastKnownFileType = sourcecode.c.h; path = Heqingzhao_LoadingView.h; sourceTree = "<group>"; };
		C9DFFD2C222806DE00A8374C /* Heqingzhao_LoadingView.m */ = {isa = PBXFileReference; lastKnownFileType = sourcecode.c.objc; path = Heqingzhao_LoadingView.m; sourceTree = "<group>"; };
		C9DFFD2E22280B4D00A8374C /* Heqingzhao_BottomLoadingView.h */ = {isa = PBXFileReference; lastKnownFileType = sourcecode.c.h; path = Heqingzhao_BottomLoadingView.h; sourceTree = "<group>"; };
		C9DFFD2F22280B4D00A8374C /* Heqingzhao_BottomLoadingView.m */ = {isa = PBXFileReference; lastKnownFileType = sourcecode.c.objc; path = Heqingzhao_BottomLoadingView.m; sourceTree = "<group>"; };
		C9E86ACF222FB7C500F85E19 /* DUDemoObject.h */ = {isa = PBXFileReference; lastKnownFileType = sourcecode.c.h; path = DUDemoObject.h; sourceTree = "<group>"; };
		C9E86AD0222FB7C500F85E19 /* DUDemoObject.m */ = {isa = PBXFileReference; lastKnownFileType = sourcecode.c.objc; path = DUDemoObject.m; sourceTree = "<group>"; };
		C9E86AD2222FB7DC00F85E19 /* DUDemoChildObject.h */ = {isa = PBXFileReference; lastKnownFileType = sourcecode.c.h; path = DUDemoChildObject.h; sourceTree = "<group>"; };
		C9E86AD3222FB7DC00F85E19 /* DUDemoChildObject.m */ = {isa = PBXFileReference; lastKnownFileType = sourcecode.c.objc; path = DUDemoChildObject.m; sourceTree = "<group>"; };
		C9F74AE622A60481001ACF3F /* Heqingzhao_PageControl.h */ = {isa = PBXFileReference; lastKnownFileType = sourcecode.c.h; path = Heqingzhao_PageControl.h; sourceTree = "<group>"; };
		C9F74AE722A60481001ACF3F /* Heqingzhao_PageControl.m */ = {isa = PBXFileReference; lastKnownFileType = sourcecode.c.objc; path = Heqingzhao_PageControl.m; sourceTree = "<group>"; };
		C9F74AEB22A63C58001ACF3F /* Heqingzhao_ScrollAdListView.h */ = {isa = PBXFileReference; lastKnownFileType = sourcecode.c.h; path = Heqingzhao_ScrollAdListView.h; sourceTree = "<group>"; };
		C9F74AEC22A63C58001ACF3F /* Heqingzhao_ScrollAdListView.m */ = {isa = PBXFileReference; lastKnownFileType = sourcecode.c.objc; path = Heqingzhao_ScrollAdListView.m; sourceTree = "<group>"; };
/* End PBXFileReference section */

/* Begin PBXFrameworksBuildPhase section */
		C9BB1E40221551D90050B493 /* Frameworks */ = {
			isa = PBXFrameworksBuildPhase;
			buildActionMask = 2147483647;
			files = (
			);
			runOnlyForDeploymentPostprocessing = 0;
		};
/* End PBXFrameworksBuildPhase section */

/* Begin PBXGroup section */
		C952BC8A222CFF20006B22DC /* dynamicupdate */ = {
			isa = PBXGroup;
			children = (
				C952BC8B222D0DE7006B22DC /* Heqingzhao_DUContext.h */,
				C952BC8C222D0DE7006B22DC /* Heqingzhao_DUContext.m */,
				C9BE042623B5D783006BD92B /* NSObject+DU.h */,
				C9BE042723B5D783006BD92B /* NSObject+DU.m */,
				C952BC91222D4625006B22DC /* du_main.js */,
				C952BC93222D47EE006B22DC /* du_instanceMethod.js */,
			);
			path = dynamicupdate;
			sourceTree = "<group>";
		};
		C96C412F23BAF2CB002F61B0 /* chart */ = {
			isa = PBXGroup;
			children = (
				C96C416E23BAF390002F61B0 /* common */,
				C96C415323BAF38F002F61B0 /* base */,
				C96C413F23BAF38F002F61B0 /* coordinateAxis */,
				C96C414A23BAF38F002F61B0 /* element */,
				C96C413223BAF38F002F61B0 /* animatableElement */,
				C96C415D23BAF390002F61B0 /* grid */,
				C96C416D23BAF390002F61B0 /* readme.md */,
			);
			path = chart;
			sourceTree = "<group>";
		};
		C96C413223BAF38F002F61B0 /* animatableElement */ = {
			isa = PBXGroup;
			children = (
				C96C413823BAF38F002F61B0 /* SFChartPtCollectionAnimatable.h */,
				C96C413E23BAF38F002F61B0 /* SFChartPtCollectionAnimatable.m */,
				C96C413923BAF38F002F61B0 /* SFChartPolylineAnimatable.h */,
				C96C413423BAF38F002F61B0 /* SFChartPolylineAnimatable.m */,
				C96C413C23BAF38F002F61B0 /* SFChartImageAnimatable.h */,
				C96C413523BAF38F002F61B0 /* SFChartImageAnimatable.m */,
				C96C413323BAF38F002F61B0 /* SFChartTextAnimatable.h */,
				C96C413A23BAF38F002F61B0 /* SFChartTextAnimatable.m */,
				C96C413B23BAF38F002F61B0 /* SFChartPillarAnimatable.h */,
				C96C413623BAF38F002F61B0 /* SFChartPillarAnimatable.m */,
				C96C413D23BAF38F002F61B0 /* SFChartFillAnimatable.h */,
				C96C413723BAF38F002F61B0 /* SFChartFillAnimatable.m */,
			);
			path = animatableElement;
			sourceTree = "<group>";
		};
		C96C413F23BAF38F002F61B0 /* coordinateAxis */ = {
			isa = PBXGroup;
			children = (
				C96C414623BAF38F002F61B0 /* SFChartAxisMarkLabel.h */,
				C96C414123BAF38F002F61B0 /* SFChartAxisMarkLabel.m */,
				C96C414223BAF38F002F61B0 /* SFChartCoordinateAxis.h */,
				C96C414823BAF38F002F61B0 /* SFChartCoordinateAxis.m */,
				C96C414023BAF38F002F61B0 /* SFChartCoordinateVerticalAxis.h */,
				C96C414523BAF38F002F61B0 /* SFChartCoordinateVerticalAxis.m */,
				C96C414323BAF38F002F61B0 /* SFChartCoordinateHorizontalAxis.h */,
				C96C414923BAF38F002F61B0 /* SFChartCoordinateHorizontalAxis.m */,
				C96C414423BAF38F002F61B0 /* SFChartCoordinateHorizontalAxisAnimatable.h */,
				C96C414723BAF38F002F61B0 /* SFChartCoordinateHorizontalAxisAnimatable.m */,
			);
			path = coordinateAxis;
			sourceTree = "<group>";
		};
		C96C414A23BAF38F002F61B0 /* element */ = {
			isa = PBXGroup;
			children = (
				C96C414C23BAF38F002F61B0 /* SFChartPointCollection.h */,
				C96C415023BAF38F002F61B0 /* SFChartPointCollection.m */,
				C96C414D23BAF38F002F61B0 /* SFChartPolylineDrawable.h */,
				C96C414F23BAF38F002F61B0 /* SFChartPolylineDrawable.m */,
				C96C415223BAF38F002F61B0 /* SFChartFillDrawable.h */,
				C96C414E23BAF38F002F61B0 /* SFChartFillDrawable.m */,
				C96C415123BAF38F002F61B0 /* SFChartPillarDrawable.h */,
				C96C414B23BAF38F002F61B0 /* SFChartPillarDrawable.m */,
			);
			path = element;
			sourceTree = "<group>";
		};
		C96C415323BAF38F002F61B0 /* base */ = {
			isa = PBXGroup;
			children = (
				C96C415623BAF38F002F61B0 /* SFChartElement.h */,
				C96C415A23BAF38F002F61B0 /* SFChartElement.m */,
				C96C415723BAF38F002F61B0 /* SFChartView.h */,
				C96C415B23BAF38F002F61B0 /* SFChartView.m */,
				C96C415923BAF38F002F61B0 /* SFChartChart.h */,
				C96C415423BAF38F002F61B0 /* SFChartChart.m */,
				C96C415823BAF38F002F61B0 /* SFChartLayer.h */,
				C96C415523BAF38F002F61B0 /* SFChartLayer.m */,
			);
			path = base;
			sourceTree = "<group>";
		};
		C96C415D23BAF390002F61B0 /* grid */ = {
			isa = PBXGroup;
			children = (
				C96C416123BAF390002F61B0 /* SFChartGrid.h */,
				C96C416423BAF390002F61B0 /* SFChartGrid.m */,
				C96C416523BAF390002F61B0 /* SFChartGridView.h */,
				C96C415F23BAF390002F61B0 /* SFChartGridView.m */,
				C96C416323BAF390002F61B0 /* SFChartStandardGrid.h */,
				C96C416023BAF390002F61B0 /* SFChartStandardGrid.m */,
				C96C416223BAF390002F61B0 /* SFChartTextGrid.h */,
				C96C415E23BAF390002F61B0 /* SFChartTextGrid.m */,
			);
			path = grid;
			sourceTree = "<group>";
		};
		C96C416E23BAF390002F61B0 /* common */ = {
			isa = PBXGroup;
			children = (
				C96C416F23BAF390002F61B0 /* SFChart.h */,
				C96C417223BAF390002F61B0 /* SFChartRange.h */,
				C96C417023BAF390002F61B0 /* SFChartRange.c */,
				C96C417123BAF390002F61B0 /* SFChartCommonFunc.m */,
				C96C417323BAF390002F61B0 /* SFChartCommonFunc.h */,
			);
			path = common;
			sourceTree = "<group>";
		};
		C9A645E823B9F0EC00BD7B6E /* network */ = {
			isa = PBXGroup;
			children = (
				C9A645EB23B9F3C200BD7B6E /* Heqingzhao_Reachability.h */,
				C9A645EC23B9F3C200BD7B6E /* Heqingzhao_Reachability.m */,
			);
			path = network;
			sourceTree = "<group>";
		};
		C9AE410422CF1C0B0092E00A /* controlSkin */ = {
			isa = PBXGroup;
			children = (
				C9AE410C22CF1C0B0092E00A /* Heqingzhao_ThemeSkinManager.h */,
				C9AE410822CF1C0B0092E00A /* Heqingzhao_ThemeSkinManager.m */,
				C9AE410722CF1C0B0092E00A /* UIView+ThemeConfig.h */,
				C9AE410D22CF1C0B0092E00A /* UIView+ThemeConfig.m */,
				C9AE410E22CF1C0B0092E00A /* Heqingzhao_ViewThemeDecorater.h */,
				C9AE410922CF1C0B0092E00A /* Heqingzhao_ViewThemeDecorater.m */,
				C9AE410A22CF1C0B0092E00A /* Heqingzhao_LabelThemeDecorater.h */,
				C9AE410522CF1C0B0092E00A /* Heqingzhao_LabelThemeDecorater.m */,
				C9AE410B22CF1C0B0092E00A /* Heqingzhao_ButtonThemeDecorater.h */,
				C9AE410622CF1C0B0092E00A /* Heqingzhao_ButtonThemeDecorater.m */,
			);
			path = controlSkin;
			sourceTree = "<group>";
		};
		C9B4E3B32223B75B00454349 /* tableDataCotroller */ = {
			isa = PBXGroup;
			children = (
				C9B4E3B72223B80300454349 /* Heqingzhao_TableViewSectionConfig.h */,
				C9B4E3B82223B80300454349 /* Heqingzhao_TableViewSectionConfig.m */,
				C96DEB442226597F00538E65 /* Heqingzhao_TableViewBaseCell.h */,
				C96DEB452226597F00538E65 /* Heqingzhao_TableViewBaseCell.m */,
				C9B4E3B42223B78A00454349 /* Heqingzhao_TableViewController.h */,
				C9B4E3B52223B78A00454349 /* Heqingzhao_TableViewController.m */,
			);
			path = tableDataCotroller;
			sourceTree = "<group>";
		};
		C9BA871622A6960A008A60A1 /* image */ = {
			isa = PBXGroup;
			children = (
				C9BA871C22A69613008A60A1 /* cat01.jpeg */,
				C9BA871922A69613008A60A1 /* cat02.jpeg */,
				C9BA871822A69613008A60A1 /* cat03.jpeg */,
				C9BA871A22A69613008A60A1 /* cat04.jpeg */,
				C9BA871722A69613008A60A1 /* cat05.jpeg */,
				C9BA871B22A69613008A60A1 /* cat06.jpeg */,
			);
			path = image;
			sourceTree = "<group>";
		};
		C9BB1E3A221551D90050B493 = {
			isa = PBXGroup;
			children = (
				C9BB1E45221551D90050B493 /* HeComponent */,
				C9BB1E44221551D90050B493 /* Products */,
			);
			sourceTree = "<group>";
		};
		C9BB1E44221551D90050B493 /* Products */ = {
			isa = PBXGroup;
			children = (
				C9BB1E43221551D90050B493 /* HeComponent.app */,
			);
			name = Products;
			sourceTree = "<group>";
		};
		C9BB1E45221551D90050B493 /* HeComponent */ = {
			isa = PBXGroup;
			children = (
				C9BB1E5C221552D00050B493 /* component */,
				C9BB1E46221551D90050B493 /* AppDelegate.h */,
				C9BB1E47221551D90050B493 /* AppDelegate.m */,
				C9BDB026221BF5BB00FC4168 /* MultiChannelDemoViewController.h */,
				C9BDB027221BF5BB00FC4168 /* MultiChannelDemoViewController.m */,
				C9D260BD2228D962009AE2EF /* TableControllerDemoViewController.h */,
				C9D260BE2228D962009AE2EF /* TableControllerDemoViewController.m */,
				C9D260C02228DCCC009AE2EF /* TableControllerDemoCell.h */,
				C9D260C12228DCCC009AE2EF /* TableControllerDemoCell.m */,
				C969E23B22B1000C00CEFB82 /* DemoBaseViewController.h */,
				C969E23A22B1000C00CEFB82 /* DemoBaseViewController.m */,
				C99BACB522CE3519000991CE /* ThemeDemoViewController.h */,
				C99BACB622CE3519000991CE /* ThemeDemoViewController.m */,
				C99BACB722CE3519000991CE /* ThemeDemoViewController.xib */,
				C9A3FDA422D33B790054B17A /* ThemeDemo2ViewController.h */,
				C9A3FDA522D33B790054B17A /* ThemeDemo2ViewController.m */,
				C9A3FDAE22D342600054B17A /* ThemeDemo2ViewController.xib */,
				C9A3FDA922D33C0A0054B17A /* ThemeTableViewCell.h */,
				C9A3FDAA22D33C0A0054B17A /* ThemeTableViewCell.m */,
				C99BACB122CE3382000991CE /* skin_1.plist */,
				C99BACB322CE3473000991CE /* skin_2.plist */,
				C9CF39EE22A90E2D00BB1FA8 /* Heqingzhao_RubishTestViewController.xib */,
				C9E86ACF222FB7C500F85E19 /* DUDemoObject.h */,
				C9E86AD0222FB7C500F85E19 /* DUDemoObject.m */,
				C9E86AD2222FB7DC00F85E19 /* DUDemoChildObject.h */,
				C9E86AD3222FB7DC00F85E19 /* DUDemoChildObject.m */,
				C9BB1E49221551D90050B493 /* ViewController.h */,
				C9BB1E4A221551D90050B493 /* ViewController.m */,
				C9BA871622A6960A008A60A1 /* image */,
				C9BB1E4C221551D90050B493 /* Main.storyboard */,
				C9BB1E4F221551DC0050B493 /* Assets.xcassets */,
				C9BB1E51221551DC0050B493 /* LaunchScreen.storyboard */,
				C9BB1E54221551DC0050B493 /* Info.plist */,
				C9BB1E55221551DC0050B493 /* main.m */,
			);
			path = HeComponent;
			sourceTree = "<group>";
		};
		C9BB1E5C221552D00050B493 /* component */ = {
			isa = PBXGroup;
			children = (
				C9BB1E892216CEAC0050B493 /* common */,
				C9BDB02C221BFB3700FC4168 /* resource */,
				C9BB1E8C2216CEAC0050B493 /* multiChannels */,
				C9B4E3B32223B75B00454349 /* tableDataCotroller */,
				C9DFFD2A222806B100A8374C /* ui */,
				C952BC8A222CFF20006B22DC /* dynamicupdate */,
				C9D4A94422978C9000FEFD5E /* crashvc */,
				C9CF39DE22A8EFE100BB1FA8 /* rubishAnalyze */,
				C9AE410422CF1C0B0092E00A /* controlSkin */,
				C9A645E823B9F0EC00BD7B6E /* network */,
				C96C412F23BAF2CB002F61B0 /* chart */,
			);
			path = component;
			sourceTree = "<group>";
		};
		C9BB1E892216CEAC0050B493 /* common */ = {
			isa = PBXGroup;
			children = (
				C9BB1E8B2216CEAC0050B493 /* UIView+view_frame.h */,
				C9BB1E8A2216CEAC0050B493 /* UIView+view_frame.m */,
				C9BDB029221BF6D800FC4168 /* UIColor+extension_qingzhao.h */,
				C9BDB02A221BF6D800FC4168 /* UIColor+extension_qingzhao.m */,
				C9D3B4E3221ECE8D00A8E573 /* Heqingzhao_ImageLoader.h */,
				C9D3B4E4221ECE8D00A8E573 /* Heqingzhao_ImageLoader.m */,
				C9052A4422201449003EF4B8 /* Heqingzhao_AppContext.h */,
				C9052A4522201449003EF4B8 /* Heqingzhao_AppContext.m */,
				C9CF39DA22A8AE8700BB1FA8 /* Heqingzhao_BaseViewController.h */,
				C9CF39DB22A8AE8700BB1FA8 /* Heqingzhao_BaseViewController.m */,
			);
			path = common;
			sourceTree = "<group>";
		};
		C9BB1E8C2216CEAC0050B493 /* multiChannels */ = {
			isa = PBXGroup;
			children = (
				C9BB1E912216CEAC0050B493 /* Heqingzhao_TabbarAdjustPosition.h */,
				C9BB1E8D2216CEAC0050B493 /* Heqingzhao_TabbarAdjustPosition.m */,
				C9BB1E942216CEAC0050B493 /* Heqingzhao_MultiChannelConfig.h */,
				C9BB1E8F2216CEAC0050B493 /* Heqingzhao_MultiChannelConfig.m */,
				C9BB1E902216CEAC0050B493 /* Heqingzhao_MultiChannelTopBar.h */,
				C9BB1E932216CEAC0050B493 /* Heqingzhao_MultiChannelTopBar.m */,
				C94138DA221A476800AFA04F /* Heqingzhao_MultiChannelContentView.h */,
				C94138DB221A476800AFA04F /* Heqingzhao_MultiChannelContentView.m */,
				C9BB1E922216CEAC0050B493 /* Heqingzhao_MultiChannelViewController.h */,
				C9BB1E8E2216CEAC0050B493 /* Heqingzhao_MultiChannelViewController.m */,
				C9BDB066221C237100FC4168 /* Heqingzhao_MultiChannelEditViewController.h */,
				C9BDB067221C237100FC4168 /* Heqingzhao_MultiChannelEditViewController.m */,
				C9B0AD6C221D32DA00F747B1 /* Heqingzhao_MultiChannelEditCell.h */,
				C9B0AD6D221D32DA00F747B1 /* Heqingzhao_MultiChannelEditCell.m */,
			);
			path = multiChannels;
			sourceTree = "<group>";
		};
		C9BDB02C221BFB3700FC4168 /* resource */ = {
			isa = PBXGroup;
			children = (
				C9BDB02D221BFB3700FC4168 /* down_arrow@2x.png */,
				C9BDB02E221BFB3700FC4168 /* down_arrow@3x.png */,
				C9D3B4DD221ECA3B00A8E573 /* label_delete@2x.png */,
				C9D3B4DE221ECA3B00A8E573 /* label_delete@3x.png */,
				C9D3B4E7221ECECC00A8E573 /* navi_back@2x.png */,
				C9D3B4E6221ECECC00A8E573 /* navi_back@3x.png */,
			);
			path = resource;
			sourceTree = "<group>";
		};
		C9CF39DE22A8EFE100BB1FA8 /* rubishAnalyze */ = {
			isa = PBXGroup;
			children = (
				C9CF39E222A8F05B00BB1FA8 /* Heqingzhao_RubishManager.h */,
				C9CF39E322A8F05B00BB1FA8 /* Heqingzhao_RubishManager.m */,
				C9CF39E522A8F07200BB1FA8 /* NSObject+classNameCollection.h */,
				C9CF39E622A8F07200BB1FA8 /* NSObject+classNameCollection.m */,
				C9CF39E922A9094700BB1FA8 /* UIViewController+nibCollection.h */,
				C9CF39E822A9094700BB1FA8 /* UIViewController+nibCollection.m */,
				C9CF39EC22A90C2500BB1FA8 /* NSBundle+nibCollection.h */,
				C9CF39EB22A90C2500BB1FA8 /* NSBundle+nibCollection.m */,
				C98C3B3A22AE81270085A7C8 /* UINib+nibCollection.h */,
				C98C3B3922AE81270085A7C8 /* UINib+nibCollection.m */,
				C9CF39F122A912B100BB1FA8 /* UIImage+nameCollection.h */,
				C9CF39F022A912B100BB1FA8 /* UIImage+nameCollection.m */,
			);
			path = rubishAnalyze;
			sourceTree = "<group>";
		};
		C9D4A94422978C9000FEFD5E /* crashvc */ = {
			isa = PBXGroup;
			children = (
				C9D4A94522978DC800FEFD5E /* Heqingzhao_CrashCatcher.h */,
				C9D4A94622978DC800FEFD5E /* Heqingzhao_CrashCatcher.m */,
			);
			path = crashvc;
			sourceTree = "<group>";
		};
		C9DFFD2A222806B100A8374C /* ui */ = {
			isa = PBXGroup;
			children = (
				C9B0AD6A221D259C00F747B1 /* Heqingzhao_SinglePixelView.h */,
				C9B0AD69221D259C00F747B1 /* Heqingzhao_SinglePixelView.m */,
				C9DFFD2B222806DE00A8374C /* Heqingzhao_LoadingView.h */,
				C9DFFD2C222806DE00A8374C /* Heqingzhao_LoadingView.m */,
				C9DFFD27222802D500A8374C /* Heqingzhao_TopLoadingView.h */,
				C9DFFD28222802D500A8374C /* Heqingzhao_TopLoadingView.m */,
				C9DFFD2E22280B4D00A8374C /* Heqingzhao_BottomLoadingView.h */,
				C9DFFD2F22280B4D00A8374C /* Heqingzhao_BottomLoadingView.m */,
				C9F74AE622A60481001ACF3F /* Heqingzhao_PageControl.h */,
				C9F74AE722A60481001ACF3F /* Heqingzhao_PageControl.m */,
				C9F74AEB22A63C58001ACF3F /* Heqingzhao_ScrollAdListView.h */,
				C9F74AEC22A63C58001ACF3F /* Heqingzhao_ScrollAdListView.m */,
				C9D4A95A2297EA7B00FEFD5E /* UINavigationBar+layoutSubViews.h */,
				C9D4A95B2297EA7B00FEFD5E /* UINavigationBar+layoutSubViews.m */,
			);
			path = ui;
			sourceTree = "<group>";
		};
/* End PBXGroup section */

/* Begin PBXNativeTarget section */
		C9BB1E42221551D90050B493 /* HeComponent */ = {
			isa = PBXNativeTarget;
			buildConfigurationList = C9BB1E59221551DC0050B493 /* Build configuration list for PBXNativeTarget "HeComponent" */;
			buildPhases = (
				C9BB1E3F221551D90050B493 /* Sources */,
				C9BB1E40221551D90050B493 /* Frameworks */,
				C9BB1E41221551D90050B493 /* Resources */,
			);
			buildRules = (
			);
			dependencies = (
			);
			name = HeComponent;
			productName = HeComponent;
			productReference = C9BB1E43221551D90050B493 /* HeComponent.app */;
			productType = "com.apple.product-type.application";
		};
/* End PBXNativeTarget section */

/* Begin PBXProject section */
		C9BB1E3B221551D90050B493 /* Project object */ = {
			isa = PBXProject;
			attributes = {
				LastUpgradeCheck = 1010;
				ORGANIZATIONNAME = qingzhao;
				TargetAttributes = {
					C9BB1E42221551D90050B493 = {
						CreatedOnToolsVersion = 10.1;
					};
				};
			};
			buildConfigurationList = C9BB1E3E221551D90050B493 /* Build configuration list for PBXProject "HeComponent" */;
			compatibilityVersion = "Xcode 9.3";
			developmentRegion = en;
			hasScannedForEncodings = 0;
			knownRegions = (
				en,
				Base,
			);
			mainGroup = C9BB1E3A221551D90050B493;
			productRefGroup = C9BB1E44221551D90050B493 /* Products */;
			projectDirPath = "";
			projectRoot = "";
			targets = (
				C9BB1E42221551D90050B493 /* HeComponent */,
			);
		};
/* End PBXProject section */

/* Begin PBXResourcesBuildPhase section */
		C9BB1E41221551D90050B493 /* Resources */ = {
			isa = PBXResourcesBuildPhase;
			buildActionMask = 2147483647;
			files = (
				C9D3B4E0221ECA3C00A8E573 /* label_delete@3x.png in Resources */,
				C952BC94222D47EE006B22DC /* du_instanceMethod.js in Resources */,
				C9BDB02F221BFB3700FC4168 /* down_arrow@2x.png in Resources */,
				C9BB1E53221551DC0050B493 /* LaunchScreen.storyboard in Resources */,
				C9BA871F22A69613008A60A1 /* cat02.jpeg in Resources */,
				C9D3B4E9221ECECC00A8E573 /* navi_back@2x.png in Resources */,
				C9BB1E50221551DC0050B493 /* Assets.xcassets in Resources */,
				C9D3B4E8221ECECC00A8E573 /* navi_back@3x.png in Resources */,
				C9BB1E4E221551D90050B493 /* Main.storyboard in Resources */,
				C9CF39EF22A90E2D00BB1FA8 /* Heqingzhao_RubishTestViewController.xib in Resources */,
				C9D3B4DF221ECA3C00A8E573 /* label_delete@2x.png in Resources */,
				C9BDB030221BFB3700FC4168 /* down_arrow@3x.png in Resources */,
				C952BC92222D4625006B22DC /* du_main.js in Resources */,
				C99BACB422CE3473000991CE /* skin_2.plist in Resources */,
				C9BA872122A69613008A60A1 /* cat06.jpeg in Resources */,
				C9BA871E22A69613008A60A1 /* cat03.jpeg in Resources */,
				C9BA872022A69613008A60A1 /* cat04.jpeg in Resources */,
				C99BACB222CE3382000991CE /* skin_1.plist in Resources */,
				C9A3FDAF22D342600054B17A /* ThemeDemo2ViewController.xib in Resources */,
				C99BACB922CE3519000991CE /* ThemeDemoViewController.xib in Resources */,
				C9BA872222A69613008A60A1 /* cat01.jpeg in Resources */,
				C96C418F23BAF390002F61B0 /* readme.md in Resources */,
				C9BA871D22A69613008A60A1 /* cat05.jpeg in Resources */,
			);
			runOnlyForDeploymentPostprocessing = 0;
		};
/* End PBXResourcesBuildPhase section */

/* Begin PBXSourcesBuildPhase section */
		C9BB1E3F221551D90050B493 /* Sources */ = {
			isa = PBXSourcesBuildPhase;
			buildActionMask = 2147483647;
			files = (
				C96C417D23BAF390002F61B0 /* SFChartCoordinateAxis.m in Sources */,
				C9BA872322A69BF5008A60A1 /* cat01.jpeg in Sources */,
				C9BA872422A69BF5008A60A1 /* cat02.jpeg in Sources */,
				C9CF39E422A8F05B00BB1FA8 /* Heqingzhao_RubishManager.m in Sources */,
				C96C418223BAF390002F61B0 /* SFChartPointCollection.m in Sources */,
				C96C418B23BAF390002F61B0 /* SFChartGrid.m in Sources */,
				C9AE411022CF1C0B0092E00A /* Heqingzhao_ButtonThemeDecorater.m in Sources */,
				C9BA872522A69BF5008A60A1 /* cat03.jpeg in Sources */,
				C9A3FDAC22D33C0A0054B17A /* ThemeTableViewCell.m in Sources */,
				C96C418523BAF390002F61B0 /* SFChartElement.m in Sources */,
				C96C418123BAF390002F61B0 /* SFChartPolylineDrawable.m in Sources */,
				C96C417C23BAF390002F61B0 /* SFChartCoordinateHorizontalAxisAnimatable.m in Sources */,
				C96C418023BAF390002F61B0 /* SFChartFillDrawable.m in Sources */,
				C96C417E23BAF390002F61B0 /* SFChartCoordinateHorizontalAxis.m in Sources */,
				C96C418A23BAF390002F61B0 /* SFChartStandardGrid.m in Sources */,
				C9BE042823B5D783006BD92B /* NSObject+DU.m in Sources */,
				C9BA872622A69BF5008A60A1 /* cat04.jpeg in Sources */,
				C9BA872722A69BF5008A60A1 /* cat05.jpeg in Sources */,
				C96C419123BAF390002F61B0 /* SFChartCommonFunc.m in Sources */,
				C9AE411122CF1C0B0092E00A /* Heqingzhao_ThemeSkinManager.m in Sources */,
				C96C417723BAF390002F61B0 /* SFChartFillAnimatable.m in Sources */,
				C96C418423BAF390002F61B0 /* SFChartLayer.m in Sources */,
				C9A645ED23B9F3C200BD7B6E /* Heqingzhao_Reachability.m in Sources */,
				C9BA872822A69BF5008A60A1 /* cat06.jpeg in Sources */,
				C9CF39E722A8F07300BB1FA8 /* NSObject+classNameCollection.m in Sources */,
				C9BDB068221C237100FC4168 /* Heqingzhao_MultiChannelEditViewController.m in Sources */,
				C96DEB462226597F00538E65 /* Heqingzhao_TableViewBaseCell.m in Sources */,
				C98C3B3B22AE81270085A7C8 /* UINib+nibCollection.m in Sources */,
				C9CF39DC22A8AE8700BB1FA8 /* Heqingzhao_BaseViewController.m in Sources */,
				C99BACB822CE3519000991CE /* ThemeDemoViewController.m in Sources */,
				C9B0AD6E221D32DA00F747B1 /* Heqingzhao_MultiChannelEditCell.m in Sources */,
				C9BB1E962216CEAC0050B493 /* Heqingzhao_TabbarAdjustPosition.m in Sources */,
				C9E86AD1222FB7C500F85E19 /* DUDemoObject.m in Sources */,
				C9D4A94722978DC800FEFD5E /* Heqingzhao_CrashCatcher.m in Sources */,
				C9AE411222CF1C0B0092E00A /* Heqingzhao_ViewThemeDecorater.m in Sources */,
				C96C418923BAF390002F61B0 /* SFChartGridView.m in Sources */,
				C9AE411322CF1C0B0092E00A /* UIView+ThemeConfig.m in Sources */,
				C96C417B23BAF390002F61B0 /* SFChartCoordinateVerticalAxis.m in Sources */,
				C9DFFD2D222806DE00A8374C /* Heqingzhao_LoadingView.m in Sources */,
				C9B4E3B92223B80300454349 /* Heqingzhao_TableViewSectionConfig.m in Sources */,
				C9B0AD6B221D259C00F747B1 /* Heqingzhao_SinglePixelView.m in Sources */,
				C96C417F23BAF390002F61B0 /* SFChartPillarDrawable.m in Sources */,
				C94138DC221A476800AFA04F /* Heqingzhao_MultiChannelContentView.m in Sources */,
				C952BC8D222D0DE7006B22DC /* Heqingzhao_DUContext.m in Sources */,
				C9CF39ED22A90C2500BB1FA8 /* NSBundle+nibCollection.m in Sources */,
				C9B4E3B62223B78A00454349 /* Heqingzhao_TableViewController.m in Sources */,
				C9AE410F22CF1C0B0092E00A /* Heqingzhao_LabelThemeDecorater.m in Sources */,
				C9052A4622201449003EF4B8 /* Heqingzhao_AppContext.m in Sources */,
				C9D260BF2228D962009AE2EF /* TableControllerDemoViewController.m in Sources */,
				C9BB1E982216CEAC0050B493 /* Heqingzhao_MultiChannelConfig.m in Sources */,
				C96C417A23BAF390002F61B0 /* SFChartAxisMarkLabel.m in Sources */,
				C96C418323BAF390002F61B0 /* SFChartChart.m in Sources */,
				C96C417923BAF390002F61B0 /* SFChartPtCollectionAnimatable.m in Sources */,
				C96C417423BAF390002F61B0 /* SFChartPolylineAnimatable.m in Sources */,
				C96C418623BAF390002F61B0 /* SFChartView.m in Sources */,
				C9BB1E4B221551D90050B493 /* ViewController.m in Sources */,
				C9CF39EA22A9094700BB1FA8 /* UIViewController+nibCollection.m in Sources */,
				C9F74AED22A63C58001ACF3F /* Heqingzhao_ScrollAdListView.m in Sources */,
				C9DFFD29222802D500A8374C /* Heqingzhao_TopLoadingView.m in Sources */,
				C9BB1E992216CEAC0050B493 /* Heqingzhao_MultiChannelTopBar.m in Sources */,
				C96C417523BAF390002F61B0 /* SFChartImageAnimatable.m in Sources */,
				C9BB1E56221551DC0050B493 /* main.m in Sources */,
				C9BDB02B221BF6D800FC4168 /* UIColor+extension_qingzhao.m in Sources */,
				C9BB1E48221551D90050B493 /* AppDelegate.m in Sources */,
				C96C417623BAF390002F61B0 /* SFChartPillarAnimatable.m in Sources */,
				C9BB1E972216CEAC0050B493 /* Heqingzhao_MultiChannelViewController.m in Sources */,
				C9A3FDA722D33B790054B17A /* ThemeDemo2ViewController.m in Sources */,
				C9D4A95C2297EA7B00FEFD5E /* UINavigationBar+layoutSubViews.m in Sources */,
				C9F74AE822A60481001ACF3F /* Heqingzhao_PageControl.m in Sources */,
				C96C418823BAF390002F61B0 /* SFChartTextGrid.m in Sources */,
				C9BDB028221BF5BB00FC4168 /* MultiChannelDemoViewController.m in Sources */,
				C9CF39F222A912B200BB1FA8 /* UIImage+nameCollection.m in Sources */,
				C9E86AD4222FB7DC00F85E19 /* DUDemoChildObject.m in Sources */,
				C9D3B4E5221ECE8D00A8E573 /* Heqingzhao_ImageLoader.m in Sources */,
				C9D260C22228DCCC009AE2EF /* TableControllerDemoCell.m in Sources */,
				C96C417823BAF390002F61B0 /* SFChartTextAnimatable.m in Sources */,
				C9DFFD3022280B4D00A8374C /* Heqingzhao_BottomLoadingView.m in Sources */,
				C96C419023BAF390002F61B0 /* SFChartRange.c in Sources */,
				C969E23D22B1000D00CEFB82 /* DemoBaseViewController.m in Sources */,
				C9BB1E952216CEAC0050B493 /* UIView+view_frame.m in Sources */,
			);
			runOnlyForDeploymentPostprocessing = 0;
		};
/* End PBXSourcesBuildPhase section */

/* Begin PBXVariantGroup section */
		C9BB1E4C221551D90050B493 /* Main.storyboard */ = {
			isa = PBXVariantGroup;
			children = (
				C9BB1E4D221551D90050B493 /* Base */,
			);
			name = Main.storyboard;
			sourceTree = "<group>";
		};
		C9BB1E51221551DC0050B493 /* LaunchScreen.storyboard */ = {
			isa = PBXVariantGroup;
			children = (
				C9BB1E52221551DC0050B493 /* Base */,
			);
			name = LaunchScreen.storyboard;
			sourceTree = "<group>";
		};
/* End PBXVariantGroup section */

/* Begin XCBuildConfiguration section */
		C9BB1E57221551DC0050B493 /* Debug */ = {
			isa = XCBuildConfiguration;
			buildSettings = {
				ALWAYS_SEARCH_USER_PATHS = NO;
				CLANG_ANALYZER_NONNULL = YES;
				CLANG_ANALYZER_NUMBER_OBJECT_CONVERSION = YES_AGGRESSIVE;
				CLANG_CXX_LANGUAGE_STANDARD = "gnu++14";
				CLANG_CXX_LIBRARY = "libc++";
				CLANG_ENABLE_MODULES = YES;
				CLANG_ENABLE_OBJC_ARC = YES;
				CLANG_ENABLE_OBJC_WEAK = YES;
				CLANG_WARN_BLOCK_CAPTURE_AUTORELEASING = YES;
				CLANG_WARN_BOOL_CONVERSION = YES;
				CLANG_WARN_COMMA = YES;
				CLANG_WARN_CONSTANT_CONVERSION = YES;
				CLANG_WARN_DEPRECATED_OBJC_IMPLEMENTATIONS = YES;
				CLANG_WARN_DIRECT_OBJC_ISA_USAGE = YES_ERROR;
				CLANG_WARN_DOCUMENTATION_COMMENTS = YES;
				CLANG_WARN_EMPTY_BODY = YES;
				CLANG_WARN_ENUM_CONVERSION = YES;
				CLANG_WARN_INFINITE_RECURSION = YES;
				CLANG_WARN_INT_CONVERSION = YES;
				CLANG_WARN_NON_LITERAL_NULL_CONVERSION = YES;
				CLANG_WARN_OBJC_IMPLICIT_RETAIN_SELF = YES;
				CLANG_WARN_OBJC_LITERAL_CONVERSION = YES;
				CLANG_WARN_OBJC_ROOT_CLASS = YES_ERROR;
				CLANG_WARN_RANGE_LOOP_ANALYSIS = YES;
				CLANG_WARN_STRICT_PROTOTYPES = YES;
				CLANG_WARN_SUSPICIOUS_MOVE = YES;
				CLANG_WARN_UNGUARDED_AVAILABILITY = YES_AGGRESSIVE;
				CLANG_WARN_UNREACHABLE_CODE = YES;
				CLANG_WARN__DUPLICATE_METHOD_MATCH = YES;
				CODE_SIGN_IDENTITY = "iPhone Developer";
				COPY_PHASE_STRIP = NO;
				DEBUG_INFORMATION_FORMAT = dwarf;
				ENABLE_STRICT_OBJC_MSGSEND = YES;
				ENABLE_TESTABILITY = YES;
				GCC_C_LANGUAGE_STANDARD = gnu11;
				GCC_DYNAMIC_NO_PIC = NO;
				GCC_NO_COMMON_BLOCKS = YES;
				GCC_OPTIMIZATION_LEVEL = 0;
				GCC_PREPROCESSOR_DEFINITIONS = (
					"DEBUG=1",
					"$(inherited)",
				);
				GCC_WARN_64_TO_32_BIT_CONVERSION = YES;
				GCC_WARN_ABOUT_RETURN_TYPE = YES_ERROR;
				GCC_WARN_UNDECLARED_SELECTOR = YES;
				GCC_WARN_UNINITIALIZED_AUTOS = YES_AGGRESSIVE;
				GCC_WARN_UNUSED_FUNCTION = YES;
				GCC_WARN_UNUSED_VARIABLE = YES;
				IPHONEOS_DEPLOYMENT_TARGET = 12.1;
				MTL_ENABLE_DEBUG_INFO = INCLUDE_SOURCE;
				MTL_FAST_MATH = YES;
				ONLY_ACTIVE_ARCH = YES;
				SDKROOT = iphoneos;
			};
			name = Debug;
		};
		C9BB1E58221551DC0050B493 /* Release */ = {
			isa = XCBuildConfiguration;
			buildSettings = {
				ALWAYS_SEARCH_USER_PATHS = NO;
				CLANG_ANALYZER_NONNULL = YES;
				CLANG_ANALYZER_NUMBER_OBJECT_CONVERSION = YES_AGGRESSIVE;
				CLANG_CXX_LANGUAGE_STANDARD = "gnu++14";
				CLANG_CXX_LIBRARY = "libc++";
				CLANG_ENABLE_MODULES = YES;
				CLANG_ENABLE_OBJC_ARC = YES;
				CLANG_ENABLE_OBJC_WEAK = YES;
				CLANG_WARN_BLOCK_CAPTURE_AUTORELEASING = YES;
				CLANG_WARN_BOOL_CONVERSION = YES;
				CLANG_WARN_COMMA = YES;
				CLANG_WARN_CONSTANT_CONVERSION = YES;
				CLANG_WARN_DEPRECATED_OBJC_IMPLEMENTATIONS = YES;
				CLANG_WARN_DIRECT_OBJC_ISA_USAGE = YES_ERROR;
				CLANG_WARN_DOCUMENTATION_COMMENTS = YES;
				CLANG_WARN_EMPTY_BODY = YES;
				CLANG_WARN_ENUM_CONVERSION = YES;
				CLANG_WARN_INFINITE_RECURSION = YES;
				CLANG_WARN_INT_CONVERSION = YES;
				CLANG_WARN_NON_LITERAL_NULL_CONVERSION = YES;
				CLANG_WARN_OBJC_IMPLICIT_RETAIN_SELF = YES;
				CLANG_WARN_OBJC_LITERAL_CONVERSION = YES;
				CLANG_WARN_OBJC_ROOT_CLASS = YES_ERROR;
				CLANG_WARN_RANGE_LOOP_ANALYSIS = YES;
				CLANG_WARN_STRICT_PROTOTYPES = YES;
				CLANG_WARN_SUSPICIOUS_MOVE = YES;
				CLANG_WARN_UNGUARDED_AVAILABILITY = YES_AGGRESSIVE;
				CLANG_WARN_UNREACHABLE_CODE = YES;
				CLANG_WARN__DUPLICATE_METHOD_MATCH = YES;
				CODE_SIGN_IDENTITY = "iPhone Developer";
				COPY_PHASE_STRIP = NO;
				DEBUG_INFORMATION_FORMAT = "dwarf-with-dsym";
				ENABLE_NS_ASSERTIONS = NO;
				ENABLE_STRICT_OBJC_MSGSEND = YES;
				GCC_C_LANGUAGE_STANDARD = gnu11;
				GCC_NO_COMMON_BLOCKS = YES;
				GCC_WARN_64_TO_32_BIT_CONVERSION = YES;
				GCC_WARN_ABOUT_RETURN_TYPE = YES_ERROR;
				GCC_WARN_UNDECLARED_SELECTOR = YES;
				GCC_WARN_UNINITIALIZED_AUTOS = YES_AGGRESSIVE;
				GCC_WARN_UNUSED_FUNCTION = YES;
				GCC_WARN_UNUSED_VARIABLE = YES;
				IPHONEOS_DEPLOYMENT_TARGET = 12.1;
				MTL_ENABLE_DEBUG_INFO = NO;
				MTL_FAST_MATH = YES;
				SDKROOT = iphoneos;
				VALIDATE_PRODUCT = YES;
			};
			name = Release;
		};
		C9BB1E5A221551DC0050B493 /* Debug */ = {
			isa = XCBuildConfiguration;
			buildSettings = {
				ASSETCATALOG_COMPILER_APPICON_NAME = AppIcon;
				CODE_SIGN_STYLE = Automatic;
				DEVELOPMENT_TEAM = K4MHPN3EKX;
				INFOPLIST_FILE = HeComponent/Info.plist;
				IPHONEOS_DEPLOYMENT_TARGET = 9.0;
				LD_RUNPATH_SEARCH_PATHS = (
					"$(inherited)",
					"@executable_path/Frameworks",
				);
				PRODUCT_BUNDLE_IDENTIFIER = test.HeComponent;
				PRODUCT_NAME = "$(TARGET_NAME)";
				TARGETED_DEVICE_FAMILY = "1,2";
			};
			name = Debug;
		};
		C9BB1E5B221551DC0050B493 /* Release */ = {
			isa = XCBuildConfiguration;
			buildSettings = {
				ASSETCATALOG_COMPILER_APPICON_NAME = AppIcon;
				CODE_SIGN_STYLE = Automatic;
				DEVELOPMENT_TEAM = K4MHPN3EKX;
				INFOPLIST_FILE = HeComponent/Info.plist;
				IPHONEOS_DEPLOYMENT_TARGET = 9.0;
				LD_RUNPATH_SEARCH_PATHS = (
					"$(inherited)",
					"@executable_path/Frameworks",
				);
				PRODUCT_BUNDLE_IDENTIFIER = test.HeComponent;
				PRODUCT_NAME = "$(TARGET_NAME)";
				TARGETED_DEVICE_FAMILY = "1,2";
			};
			name = Release;
		};
/* End XCBuildConfiguration section */

/* Begin XCConfigurationList section */
		C9BB1E3E221551D90050B493 /* Build configuration list for PBXProject "HeComponent" */ = {
			isa = XCConfigurationList;
			buildConfigurations = (
				C9BB1E57221551DC0050B493 /* Debug */,
				C9BB1E58221551DC0050B493 /* Release */,
			);
			defaultConfigurationIsVisible = 0;
			defaultConfigurationName = Release;
		};
		C9BB1E59221551DC0050B493 /* Build configuration list for PBXNativeTarget "HeComponent" */ = {
			isa = XCConfigurationList;
			buildConfigurations = (
				C9BB1E5A221551DC0050B493 /* Debug */,
				C9BB1E5B221551DC0050B493 /* Release */,
			);
			defaultConfigurationIsVisible = 0;
			defaultConfigurationName = Release;
		};
/* End XCConfigurationList section */
	};
	rootObject = C9BB1E3B221551D90050B493 /* Project object */;
}
